Microsoft Visual Studio Solution File, Format Version 12.00
# Visual Studio 14
VisualStudioVersion = 14.0.23107.0
MinimumVisualStudioVersion = 10.0.40219.1
Project("{8BC9CEB8-8B4A-11D0-8D11-00A0C91BC942}") = "Cm.Compiler", "Cm.Compiler\Cm.Compiler.vcxproj", "{00F080D7-2AFD-41C5-BDCC-0D1F32A65028}"
	ProjectSection(ProjectDependencies) = postProject
		{8F9DCA01-954B-4A99-8D90-A90BB996B2BD} = {8F9DCA01-954B-4A99-8D90-A90BB996B2BD}
		{7DFBEF02-596F-4B59-AC3A-59A38C0F27DE} = {7DFBEF02-596F-4B59-AC3A-59A38C0F27DE}
		{EB6A3011-60D0-415A-A4CE-262924F53AF0} = {EB6A3011-60D0-415A-A4CE-262924F53AF0}
		{8BAB2B20-588A-4067-BEB8-6576DCDC2214} = {8BAB2B20-588A-4067-BEB8-6576DCDC2214}
		{2FA74825-282D-4C2B-A8DA-A96A9D3F0A27} = {2FA74825-282D-4C2B-A8DA-A96A9D3F0A27}
		{F9F0532D-8C4D-4A78-ACB1-DD1682F70BBD} = {F9F0532D-8C4D-4A78-ACB1-DD1682F70BBD}
		{FD428D39-0EFA-429E-BF8E-B13C784BC2B3} = {FD428D39-0EFA-429E-BF8E-B13C784BC2B3}
		{060E1B46-08FA-4407-A2A0-AD2A8DEF9A25} = {060E1B46-08FA-4407-A2A0-AD2A8DEF9A25}
		{24F7F546-47F4-420C-94E0-D631E9E29D21} = {24F7F546-47F4-420C-94E0-D631E9E29D21}
		{A12C2C5B-D12E-457A-8D1C-69A9E6759064} = {A12C2C5B-D12E-457A-8D1C-69A9E6759064}
		{AB0F8972-52E1-4DEA-9307-DAA1FC6954F0} = {AB0F8972-52E1-4DEA-9307-DAA1FC6954F0}
		{E4821295-1936-4D22-A603-5E5530E3A4DC} = {E4821295-1936-4D22-A603-5E5530E3A4DC}
		{5DE4119E-43B5-4C46-811E-CA31988EFF1D} = {5DE4119E-43B5-4C46-811E-CA31988EFF1D}
		{3720AEB0-BEB8-4C7E-AF9B-50A0DB65348B} = {3720AEB0-BEB8-4C7E-AF9B-50A0DB65348B}
		{F0374DC9-3D1D-4A36-ACAC-1636F34C9159} = {F0374DC9-3D1D-4A36-ACAC-1636F34C9159}
		{7955BFCE-FB8D-40DE-879E-FD1566751449} = {7955BFCE-FB8D-40DE-879E-FD1566751449}
		{7AF774D1-562D-403E-93B4-B1AD3FA4DDCA} = {7AF774D1-562D-403E-93B4-B1AD3FA4DDCA}
	EndProjectSection
EndProject
Project("{8BC9CEB8-8B4A-11D0-8D11-00A0C91BC942}") = "Cm.Ast", "Cm.Ast\Cm.Ast.vcxproj", "{5DE4119E-43B5-4C46-811E-CA31988EFF1D}"
	ProjectSection(ProjectDependencies) = postProject
		{7DFBEF02-596F-4B59-AC3A-59A38C0F27DE} = {7DFBEF02-596F-4B59-AC3A-59A38C0F27DE}
		{8BAB2B20-588A-4067-BEB8-6576DCDC2214} = {8BAB2B20-588A-4067-BEB8-6576DCDC2214}
		{F9F0532D-8C4D-4A78-ACB1-DD1682F70BBD} = {F9F0532D-8C4D-4A78-ACB1-DD1682F70BBD}
	EndProjectSection
EndProject
Project("{8BC9CEB8-8B4A-11D0-8D11-00A0C91BC942}") = "Cm.Parser", "Cm.Parser\Cm.Parser.vcxproj", "{3720AEB0-BEB8-4C7E-AF9B-50A0DB65348B}"
	ProjectSection(ProjectDependencies) = postProject
		{7DFBEF02-596F-4B59-AC3A-59A38C0F27DE} = {7DFBEF02-596F-4B59-AC3A-59A38C0F27DE}
		{8BAB2B20-588A-4067-BEB8-6576DCDC2214} = {8BAB2B20-588A-4067-BEB8-6576DCDC2214}
		{2FA74825-282D-4C2B-A8DA-A96A9D3F0A27} = {2FA74825-282D-4C2B-A8DA-A96A9D3F0A27}
		{F9F0532D-8C4D-4A78-ACB1-DD1682F70BBD} = {F9F0532D-8C4D-4A78-ACB1-DD1682F70BBD}
		{5DE4119E-43B5-4C46-811E-CA31988EFF1D} = {5DE4119E-43B5-4C46-811E-CA31988EFF1D}
	EndProjectSection
EndProject
Project("{8BC9CEB8-8B4A-11D0-8D11-00A0C91BC942}") = "Cm.Parsing", "Cm.Parsing\Cm.Parsing.vcxproj", "{7DFBEF02-596F-4B59-AC3A-59A38C0F27DE}"
	ProjectSection(ProjectDependencies) = postProject
		{2FA74825-282D-4C2B-A8DA-A96A9D3F0A27} = {2FA74825-282D-4C2B-A8DA-A96A9D3F0A27}
		{F9F0532D-8C4D-4A78-ACB1-DD1682F70BBD} = {F9F0532D-8C4D-4A78-ACB1-DD1682F70BBD}
	EndProjectSection
EndProject
Project("{8BC9CEB8-8B4A-11D0-8D11-00A0C91BC942}") = "Cm.Parsing.CppObjectModel", "Cm.Parsing.CppObjectModel\Cm.Parsing.CppObjectModel.vcxproj", "{2FA74825-282D-4C2B-A8DA-A96A9D3F0A27}"
	ProjectSection(ProjectDependencies) = postProject
		{F9F0532D-8C4D-4A78-ACB1-DD1682F70BBD} = {F9F0532D-8C4D-4A78-ACB1-DD1682F70BBD}
	EndProjectSection
EndProject
Project("{8BC9CEB8-8B4A-11D0-8D11-00A0C91BC942}") = "Cm.Util", "Cm.Util\Cm.Util.vcxproj", "{F9F0532D-8C4D-4A78-ACB1-DD1682F70BBD}"
EndProject
Project("{8BC9CEB8-8B4A-11D0-8D11-00A0C91BC942}") = "Cm.Parsing.Cpp", "Cm.Parsing.Cpp\Cm.Parsing.Cpp.vcxproj", "{E6E7AAB1-5244-4712-B434-55D590D1D341}"
	ProjectSection(ProjectDependencies) = postProject
		{7DFBEF02-596F-4B59-AC3A-59A38C0F27DE} = {7DFBEF02-596F-4B59-AC3A-59A38C0F27DE}
		{2FA74825-282D-4C2B-A8DA-A96A9D3F0A27} = {2FA74825-282D-4C2B-A8DA-A96A9D3F0A27}
		{F9F0532D-8C4D-4A78-ACB1-DD1682F70BBD} = {F9F0532D-8C4D-4A78-ACB1-DD1682F70BBD}
	EndProjectSection
EndProject
Project("{8BC9CEB8-8B4A-11D0-8D11-00A0C91BC942}") = "Cm.Parsing.Syntax", "Cm.Parsing.Syntax\Cm.Parsing.Syntax.vcxproj", "{9DF17C22-7F20-4DBE-BAD3-AD12B9D53EF4}"
	ProjectSection(ProjectDependencies) = postProject
		{7DFBEF02-596F-4B59-AC3A-59A38C0F27DE} = {7DFBEF02-596F-4B59-AC3A-59A38C0F27DE}
		{2FA74825-282D-4C2B-A8DA-A96A9D3F0A27} = {2FA74825-282D-4C2B-A8DA-A96A9D3F0A27}
		{F9F0532D-8C4D-4A78-ACB1-DD1682F70BBD} = {F9F0532D-8C4D-4A78-ACB1-DD1682F70BBD}
		{E6E7AAB1-5244-4712-B434-55D590D1D341} = {E6E7AAB1-5244-4712-B434-55D590D1D341}
	EndProjectSection
EndProject
Project("{8BC9CEB8-8B4A-11D0-8D11-00A0C91BC942}") = "Cm.Parsing.Generator", "Cm.Parsing.Generator\Cm.Parsing.Generator.vcxproj", "{63562744-85E9-4496-B046-EE3231AE33AC}"
	ProjectSection(ProjectDependencies) = postProject
		{7DFBEF02-596F-4B59-AC3A-59A38C0F27DE} = {7DFBEF02-596F-4B59-AC3A-59A38C0F27DE}
		{9DF17C22-7F20-4DBE-BAD3-AD12B9D53EF4} = {9DF17C22-7F20-4DBE-BAD3-AD12B9D53EF4}
		{2FA74825-282D-4C2B-A8DA-A96A9D3F0A27} = {2FA74825-282D-4C2B-A8DA-A96A9D3F0A27}
		{F9F0532D-8C4D-4A78-ACB1-DD1682F70BBD} = {F9F0532D-8C4D-4A78-ACB1-DD1682F70BBD}
		{E6E7AAB1-5244-4712-B434-55D590D1D341} = {E6E7AAB1-5244-4712-B434-55D590D1D341}
	EndProjectSection
EndProject
Project("{8BC9CEB8-8B4A-11D0-8D11-00A0C91BC942}") = "Cm.Ser", "Cm.Ser\Cm.Ser.vcxproj", "{8BAB2B20-588A-4067-BEB8-6576DCDC2214}"
	ProjectSection(ProjectDependencies) = postProject
		{F9F0532D-8C4D-4A78-ACB1-DD1682F70BBD} = {F9F0532D-8C4D-4A78-ACB1-DD1682F70BBD}
	EndProjectSection
EndProject
Project("{8BC9CEB8-8B4A-11D0-8D11-00A0C91BC942}") = "SourceLines", "SourceLines\SourceLines.vcxproj", "{0D15B451-63AC-4078-AEE6-6837FC95360B}"
	ProjectSection(ProjectDependencies) = postProject
		{7DFBEF02-596F-4B59-AC3A-59A38C0F27DE} = {7DFBEF02-596F-4B59-AC3A-59A38C0F27DE}
		{8BAB2B20-588A-4067-BEB8-6576DCDC2214} = {8BAB2B20-588A-4067-BEB8-6576DCDC2214}
		{2FA74825-282D-4C2B-A8DA-A96A9D3F0A27} = {2FA74825-282D-4C2B-A8DA-A96A9D3F0A27}
		{F9F0532D-8C4D-4A78-ACB1-DD1682F70BBD} = {F9F0532D-8C4D-4A78-ACB1-DD1682F70BBD}
		{5DE4119E-43B5-4C46-811E-CA31988EFF1D} = {5DE4119E-43B5-4C46-811E-CA31988EFF1D}
		{3720AEB0-BEB8-4C7E-AF9B-50A0DB65348B} = {3720AEB0-BEB8-4C7E-AF9B-50A0DB65348B}
	EndProjectSection
EndProject
Project("{8BC9CEB8-8B4A-11D0-8D11-00A0C91BC942}") = "Cm.Sym", "Cm.Sym\Cm.Sym.vcxproj", "{A12C2C5B-D12E-457A-8D1C-69A9E6759064}"
	ProjectSection(ProjectDependencies) = postProject
		{8F9DCA01-954B-4A99-8D90-A90BB996B2BD} = {8F9DCA01-954B-4A99-8D90-A90BB996B2BD}
		{7DFBEF02-596F-4B59-AC3A-59A38C0F27DE} = {7DFBEF02-596F-4B59-AC3A-59A38C0F27DE}
		{8BAB2B20-588A-4067-BEB8-6576DCDC2214} = {8BAB2B20-588A-4067-BEB8-6576DCDC2214}
		{2FA74825-282D-4C2B-A8DA-A96A9D3F0A27} = {2FA74825-282D-4C2B-A8DA-A96A9D3F0A27}
		{F9F0532D-8C4D-4A78-ACB1-DD1682F70BBD} = {F9F0532D-8C4D-4A78-ACB1-DD1682F70BBD}
		{FD428D39-0EFA-429E-BF8E-B13C784BC2B3} = {FD428D39-0EFA-429E-BF8E-B13C784BC2B3}
		{24F7F546-47F4-420C-94E0-D631E9E29D21} = {24F7F546-47F4-420C-94E0-D631E9E29D21}
		{AB0F8972-52E1-4DEA-9307-DAA1FC6954F0} = {AB0F8972-52E1-4DEA-9307-DAA1FC6954F0}
		{5DE4119E-43B5-4C46-811E-CA31988EFF1D} = {5DE4119E-43B5-4C46-811E-CA31988EFF1D}
		{3720AEB0-BEB8-4C7E-AF9B-50A0DB65348B} = {3720AEB0-BEB8-4C7E-AF9B-50A0DB65348B}
		{7955BFCE-FB8D-40DE-879E-FD1566751449} = {7955BFCE-FB8D-40DE-879E-FD1566751449}
	EndProjectSection
EndProject
Project("{8BC9CEB8-8B4A-11D0-8D11-00A0C91BC942}") = "Cm.Build", "Cm.Build\Cm.Build.vcxproj", "{7AF774D1-562D-403E-93B4-B1AD3FA4DDCA}"
	ProjectSection(ProjectDependencies) = postProject
		{8F9DCA01-954B-4A99-8D90-A90BB996B2BD} = {8F9DCA01-954B-4A99-8D90-A90BB996B2BD}
		{7DFBEF02-596F-4B59-AC3A-59A38C0F27DE} = {7DFBEF02-596F-4B59-AC3A-59A38C0F27DE}
		{EB6A3011-60D0-415A-A4CE-262924F53AF0} = {EB6A3011-60D0-415A-A4CE-262924F53AF0}
		{8BAB2B20-588A-4067-BEB8-6576DCDC2214} = {8BAB2B20-588A-4067-BEB8-6576DCDC2214}
		{2FA74825-282D-4C2B-A8DA-A96A9D3F0A27} = {2FA74825-282D-4C2B-A8DA-A96A9D3F0A27}
		{F9F0532D-8C4D-4A78-ACB1-DD1682F70BBD} = {F9F0532D-8C4D-4A78-ACB1-DD1682F70BBD}
		{FD428D39-0EFA-429E-BF8E-B13C784BC2B3} = {FD428D39-0EFA-429E-BF8E-B13C784BC2B3}
		{060E1B46-08FA-4407-A2A0-AD2A8DEF9A25} = {060E1B46-08FA-4407-A2A0-AD2A8DEF9A25}
		{24F7F546-47F4-420C-94E0-D631E9E29D21} = {24F7F546-47F4-420C-94E0-D631E9E29D21}
		{A12C2C5B-D12E-457A-8D1C-69A9E6759064} = {A12C2C5B-D12E-457A-8D1C-69A9E6759064}
		{AB0F8972-52E1-4DEA-9307-DAA1FC6954F0} = {AB0F8972-52E1-4DEA-9307-DAA1FC6954F0}
		{162B6786-147B-4BB6-A393-3A4A61ACC71F} = {162B6786-147B-4BB6-A393-3A4A61ACC71F}
		{E4821295-1936-4D22-A603-5E5530E3A4DC} = {E4821295-1936-4D22-A603-5E5530E3A4DC}
		{5DE4119E-43B5-4C46-811E-CA31988EFF1D} = {5DE4119E-43B5-4C46-811E-CA31988EFF1D}
		{3720AEB0-BEB8-4C7E-AF9B-50A0DB65348B} = {3720AEB0-BEB8-4C7E-AF9B-50A0DB65348B}
		{F0374DC9-3D1D-4A36-ACAC-1636F34C9159} = {F0374DC9-3D1D-4A36-ACAC-1636F34C9159}
		{7955BFCE-FB8D-40DE-879E-FD1566751449} = {7955BFCE-FB8D-40DE-879E-FD1566751449}
	EndProjectSection
EndProject
Project("{8BC9CEB8-8B4A-11D0-8D11-00A0C91BC942}") = "Cm.Bind", "Cm.Bind\Cm.Bind.vcxproj", "{EB6A3011-60D0-415A-A4CE-262924F53AF0}"
	ProjectSection(ProjectDependencies) = postProject
		{8F9DCA01-954B-4A99-8D90-A90BB996B2BD} = {8F9DCA01-954B-4A99-8D90-A90BB996B2BD}
		{7DFBEF02-596F-4B59-AC3A-59A38C0F27DE} = {7DFBEF02-596F-4B59-AC3A-59A38C0F27DE}
		{8BAB2B20-588A-4067-BEB8-6576DCDC2214} = {8BAB2B20-588A-4067-BEB8-6576DCDC2214}
		{F9F0532D-8C4D-4A78-ACB1-DD1682F70BBD} = {F9F0532D-8C4D-4A78-ACB1-DD1682F70BBD}
		{FD428D39-0EFA-429E-BF8E-B13C784BC2B3} = {FD428D39-0EFA-429E-BF8E-B13C784BC2B3}
		{060E1B46-08FA-4407-A2A0-AD2A8DEF9A25} = {060E1B46-08FA-4407-A2A0-AD2A8DEF9A25}
		{24F7F546-47F4-420C-94E0-D631E9E29D21} = {24F7F546-47F4-420C-94E0-D631E9E29D21}
		{A12C2C5B-D12E-457A-8D1C-69A9E6759064} = {A12C2C5B-D12E-457A-8D1C-69A9E6759064}
		{AB0F8972-52E1-4DEA-9307-DAA1FC6954F0} = {AB0F8972-52E1-4DEA-9307-DAA1FC6954F0}
		{E4821295-1936-4D22-A603-5E5530E3A4DC} = {E4821295-1936-4D22-A603-5E5530E3A4DC}
		{5DE4119E-43B5-4C46-811E-CA31988EFF1D} = {5DE4119E-43B5-4C46-811E-CA31988EFF1D}
		{3720AEB0-BEB8-4C7E-AF9B-50A0DB65348B} = {3720AEB0-BEB8-4C7E-AF9B-50A0DB65348B}
		{7955BFCE-FB8D-40DE-879E-FD1566751449} = {7955BFCE-FB8D-40DE-879E-FD1566751449}
	EndProjectSection
EndProject
Project("{8BC9CEB8-8B4A-11D0-8D11-00A0C91BC942}") = "Cm.BoundTree", "Cm.BoundTree\Cm.BoundTree.vcxproj", "{E4821295-1936-4D22-A603-5E5530E3A4DC}"
	ProjectSection(ProjectDependencies) = postProject
		{8F9DCA01-954B-4A99-8D90-A90BB996B2BD} = {8F9DCA01-954B-4A99-8D90-A90BB996B2BD}
		{7DFBEF02-596F-4B59-AC3A-59A38C0F27DE} = {7DFBEF02-596F-4B59-AC3A-59A38C0F27DE}
		{8BAB2B20-588A-4067-BEB8-6576DCDC2214} = {8BAB2B20-588A-4067-BEB8-6576DCDC2214}
		{2FA74825-282D-4C2B-A8DA-A96A9D3F0A27} = {2FA74825-282D-4C2B-A8DA-A96A9D3F0A27}
		{F9F0532D-8C4D-4A78-ACB1-DD1682F70BBD} = {F9F0532D-8C4D-4A78-ACB1-DD1682F70BBD}
		{FD428D39-0EFA-429E-BF8E-B13C784BC2B3} = {FD428D39-0EFA-429E-BF8E-B13C784BC2B3}
		{060E1B46-08FA-4407-A2A0-AD2A8DEF9A25} = {060E1B46-08FA-4407-A2A0-AD2A8DEF9A25}
		{24F7F546-47F4-420C-94E0-D631E9E29D21} = {24F7F546-47F4-420C-94E0-D631E9E29D21}
		{A12C2C5B-D12E-457A-8D1C-69A9E6759064} = {A12C2C5B-D12E-457A-8D1C-69A9E6759064}
		{AB0F8972-52E1-4DEA-9307-DAA1FC6954F0} = {AB0F8972-52E1-4DEA-9307-DAA1FC6954F0}
		{5DE4119E-43B5-4C46-811E-CA31988EFF1D} = {5DE4119E-43B5-4C46-811E-CA31988EFF1D}
		{3720AEB0-BEB8-4C7E-AF9B-50A0DB65348B} = {3720AEB0-BEB8-4C7E-AF9B-50A0DB65348B}
		{7955BFCE-FB8D-40DE-879E-FD1566751449} = {7955BFCE-FB8D-40DE-879E-FD1566751449}
	EndProjectSection
EndProject
Project("{8BC9CEB8-8B4A-11D0-8D11-00A0C91BC942}") = "Llvm.Ir", "Llvm.Ir\Llvm.Ir.vcxproj", "{FD428D39-0EFA-429E-BF8E-B13C784BC2B3}"
	ProjectSection(ProjectDependencies) = postProject
		{F9F0532D-8C4D-4A78-ACB1-DD1682F70BBD} = {F9F0532D-8C4D-4A78-ACB1-DD1682F70BBD}
		{AB0F8972-52E1-4DEA-9307-DAA1FC6954F0} = {AB0F8972-52E1-4DEA-9307-DAA1FC6954F0}
		{7955BFCE-FB8D-40DE-879E-FD1566751449} = {7955BFCE-FB8D-40DE-879E-FD1566751449}
	EndProjectSection
EndProject
Project("{8BC9CEB8-8B4A-11D0-8D11-00A0C91BC942}") = "Ir.Intf", "Ir.Intf\Ir.Intf.vcxproj", "{7955BFCE-FB8D-40DE-879E-FD1566751449}"
	ProjectSection(ProjectDependencies) = postProject
		{F9F0532D-8C4D-4A78-ACB1-DD1682F70BBD} = {F9F0532D-8C4D-4A78-ACB1-DD1682F70BBD}
	EndProjectSection
EndProject
Project("{8BC9CEB8-8B4A-11D0-8D11-00A0C91BC942}") = "Cm.IrIntf", "Cm.IrIntf\Cm.IrIntf.vcxproj", "{8F9DCA01-954B-4A99-8D90-A90BB996B2BD}"
	ProjectSection(ProjectDependencies) = postProject
		{F9F0532D-8C4D-4A78-ACB1-DD1682F70BBD} = {F9F0532D-8C4D-4A78-ACB1-DD1682F70BBD}
		{FD428D39-0EFA-429E-BF8E-B13C784BC2B3} = {FD428D39-0EFA-429E-BF8E-B13C784BC2B3}
		{24F7F546-47F4-420C-94E0-D631E9E29D21} = {24F7F546-47F4-420C-94E0-D631E9E29D21}
		{AB0F8972-52E1-4DEA-9307-DAA1FC6954F0} = {AB0F8972-52E1-4DEA-9307-DAA1FC6954F0}
		{7955BFCE-FB8D-40DE-879E-FD1566751449} = {7955BFCE-FB8D-40DE-879E-FD1566751449}
	EndProjectSection
EndProject
Project("{8BC9CEB8-8B4A-11D0-8D11-00A0C91BC942}") = "Dwarf", "Dwarf\Dwarf.vcxproj", "{AB0F8972-52E1-4DEA-9307-DAA1FC6954F0}"
EndProject
Project("{8BC9CEB8-8B4A-11D0-8D11-00A0C91BC942}") = "Cm.Core", "Cm.Core\Cm.Core.vcxproj", "{060E1B46-08FA-4407-A2A0-AD2A8DEF9A25}"
	ProjectSection(ProjectDependencies) = postProject
		{8F9DCA01-954B-4A99-8D90-A90BB996B2BD} = {8F9DCA01-954B-4A99-8D90-A90BB996B2BD}
		{7DFBEF02-596F-4B59-AC3A-59A38C0F27DE} = {7DFBEF02-596F-4B59-AC3A-59A38C0F27DE}
		{8BAB2B20-588A-4067-BEB8-6576DCDC2214} = {8BAB2B20-588A-4067-BEB8-6576DCDC2214}
		{2FA74825-282D-4C2B-A8DA-A96A9D3F0A27} = {2FA74825-282D-4C2B-A8DA-A96A9D3F0A27}
		{F9F0532D-8C4D-4A78-ACB1-DD1682F70BBD} = {F9F0532D-8C4D-4A78-ACB1-DD1682F70BBD}
		{FD428D39-0EFA-429E-BF8E-B13C784BC2B3} = {FD428D39-0EFA-429E-BF8E-B13C784BC2B3}
		{24F7F546-47F4-420C-94E0-D631E9E29D21} = {24F7F546-47F4-420C-94E0-D631E9E29D21}
		{A12C2C5B-D12E-457A-8D1C-69A9E6759064} = {A12C2C5B-D12E-457A-8D1C-69A9E6759064}
		{AB0F8972-52E1-4DEA-9307-DAA1FC6954F0} = {AB0F8972-52E1-4DEA-9307-DAA1FC6954F0}
		{3720AEB0-BEB8-4C7E-AF9B-50A0DB65348B} = {3720AEB0-BEB8-4C7E-AF9B-50A0DB65348B}
		{7955BFCE-FB8D-40DE-879E-FD1566751449} = {7955BFCE-FB8D-40DE-879E-FD1566751449}
	EndProjectSection
EndProject
Project("{8BC9CEB8-8B4A-11D0-8D11-00A0C91BC942}") = "Cm.Emit", "Cm.Emit\Cm.Emit.vcxproj", "{F0374DC9-3D1D-4A36-ACAC-1636F34C9159}"
	ProjectSection(ProjectDependencies) = postProject
		{8F9DCA01-954B-4A99-8D90-A90BB996B2BD} = {8F9DCA01-954B-4A99-8D90-A90BB996B2BD}
		{FD428D39-0EFA-429E-BF8E-B13C784BC2B3} = {FD428D39-0EFA-429E-BF8E-B13C784BC2B3}
		{060E1B46-08FA-4407-A2A0-AD2A8DEF9A25} = {060E1B46-08FA-4407-A2A0-AD2A8DEF9A25}
		{24F7F546-47F4-420C-94E0-D631E9E29D21} = {24F7F546-47F4-420C-94E0-D631E9E29D21}
		{AB0F8972-52E1-4DEA-9307-DAA1FC6954F0} = {AB0F8972-52E1-4DEA-9307-DAA1FC6954F0}
		{7955BFCE-FB8D-40DE-879E-FD1566751449} = {7955BFCE-FB8D-40DE-879E-FD1566751449}
	EndProjectSection
EndProject
Project("{8BC9CEB8-8B4A-11D0-8D11-00A0C91BC942}") = "cmldump", "cmldump\cmldump.vcxproj", "{130CD3A1-A0D0-4F29-906D-D6B459FD8114}"
	ProjectSection(ProjectDependencies) = postProject
		{8F9DCA01-954B-4A99-8D90-A90BB996B2BD} = {8F9DCA01-954B-4A99-8D90-A90BB996B2BD}
		{7DFBEF02-596F-4B59-AC3A-59A38C0F27DE} = {7DFBEF02-596F-4B59-AC3A-59A38C0F27DE}
		{EB6A3011-60D0-415A-A4CE-262924F53AF0} = {EB6A3011-60D0-415A-A4CE-262924F53AF0}
		{8BAB2B20-588A-4067-BEB8-6576DCDC2214} = {8BAB2B20-588A-4067-BEB8-6576DCDC2214}
		{2FA74825-282D-4C2B-A8DA-A96A9D3F0A27} = {2FA74825-282D-4C2B-A8DA-A96A9D3F0A27}
		{F9F0532D-8C4D-4A78-ACB1-DD1682F70BBD} = {F9F0532D-8C4D-4A78-ACB1-DD1682F70BBD}
		{FD428D39-0EFA-429E-BF8E-B13C784BC2B3} = {FD428D39-0EFA-429E-BF8E-B13C784BC2B3}
		{060E1B46-08FA-4407-A2A0-AD2A8DEF9A25} = {060E1B46-08FA-4407-A2A0-AD2A8DEF9A25}
		{A12C2C5B-D12E-457A-8D1C-69A9E6759064} = {A12C2C5B-D12E-457A-8D1C-69A9E6759064}
		{AB0F8972-52E1-4DEA-9307-DAA1FC6954F0} = {AB0F8972-52E1-4DEA-9307-DAA1FC6954F0}
		{E4821295-1936-4D22-A603-5E5530E3A4DC} = {E4821295-1936-4D22-A603-5E5530E3A4DC}
		{5DE4119E-43B5-4C46-811E-CA31988EFF1D} = {5DE4119E-43B5-4C46-811E-CA31988EFF1D}
		{3720AEB0-BEB8-4C7E-AF9B-50A0DB65348B} = {3720AEB0-BEB8-4C7E-AF9B-50A0DB65348B}
		{F0374DC9-3D1D-4A36-ACAC-1636F34C9159} = {F0374DC9-3D1D-4A36-ACAC-1636F34C9159}
		{7955BFCE-FB8D-40DE-879E-FD1566751449} = {7955BFCE-FB8D-40DE-879E-FD1566751449}
	EndProjectSection
EndProject
Project("{8BC9CEB8-8B4A-11D0-8D11-00A0C91BC942}") = "C.Ir", "C.Ir\C.Ir.vcxproj", "{24F7F546-47F4-420C-94E0-D631E9E29D21}"
	ProjectSection(ProjectDependencies) = postProject
		{F9F0532D-8C4D-4A78-ACB1-DD1682F70BBD} = {F9F0532D-8C4D-4A78-ACB1-DD1682F70BBD}
		{7955BFCE-FB8D-40DE-879E-FD1566751449} = {7955BFCE-FB8D-40DE-879E-FD1566751449}
	EndProjectSection
EndProject
Project("{2150E333-8FDC-42A3-9474-1A3956D46DE8}") = "system", "system", "{AAF2D7E3-EA81-4A81-9F03-3656706B79E0}"
	ProjectSection(SolutionItems) = preProject
		system\algorithm.cm = system\algorithm.cm
		system\assert.cm = system\assert.cm
		system\bitset.cm = system\bitset.cm
		system\charclass.cm = system\charclass.cm
		system\cmsys.c = system\cmsys.c
		system\codeformatter.cm = system\codeformatter.cm
		system\concept.cm = system\concept.cm
		system\condvar.cm = system\condvar.cm
		system\console.cm = system\console.cm
		system\convert.cm = system\convert.cm
		system\date.cm = system\date.cm
		system\dbgheap.c = system\dbgheap.c
		system\dbgheap.h = system\dbgheap.h
		system\eh.cm = system\eh.cm
		system\exception.cm = system\exception.cm
		system\exit.c = system\exit.c
		system\exit.ll = system\exit.ll
		system\filestream.cm = system\filestream.cm
		system\function.cm = system\function.cm
		system\fwdlist.cm = system\fwdlist.cm
		system\hashmap.cm = system\hashmap.cm
		system\hashset.cm = system\hashset.cm
		system\hashtable.cm = system\hashtable.cm
		system\iterator.cm = system\iterator.cm
		system\limits.cm = system\limits.cm
		system\linkedlist.cm = system\linkedlist.cm
		system\list.cm = system\list.cm
		system\map.cm = system\map.cm
		system\mt.cm = system\mt.cm
		system\mtx.cm = system\mtx.cm
		system\mutex.cm = system\mutex.cm
		system\mutextbl.c = system\mutextbl.c
		system\nupo.cm = system\nupo.cm
		system\os.cm = system\os.cm
		system\os.cmp = system\os.cmp
		system\pair.cm = system\pair.cm
		system\path.cm = system\path.cm
		system\profile.cpp = system\profile.cpp
		system\profile.hpp = system\profile.hpp
		system\ptr.cm = system\ptr.cm
		system\queue.cm = system\queue.cm
		system\rbtree.cm = system\rbtree.cm
		system\rvalue.cm = system\rvalue.cm
		system\set.cm = system\set.cm
		system\stack.cm = system\stack.cm
		system\stream.cm = system\stream.cm
		system\string.cm = system\string.cm
		system\stringstream.cm = system\stringstream.cm
		system\support.cmp = system\support.cmp
		system\supportintf.cm = system\supportintf.cm
		system\system.cmp = system\system.cmp
		system\system.cms = system\system.cms
		system\textutil.cm = system\textutil.cm
		system\thread.cm = system\thread.cm
		system\threadtbl.c = system\threadtbl.c
		system\threadtbl.h = system\threadtbl.h
		system\time.cm = system\time.cm
		system\tracer.cm = system\tracer.cm
		system\uhuge.cm = system\uhuge.cm
		system\utility.cm = system\utility.cm
	EndProjectSection
EndProject
Project("{8BC9CEB8-8B4A-11D0-8D11-00A0C91BC942}") = "Cm.Unit", "Cm.Unit\Cm.Unit.vcxproj", "{F8DF9871-DDCA-4A12-A1BE-CADAC54B48CF}"
	ProjectSection(ProjectDependencies) = postProject
		{8F9DCA01-954B-4A99-8D90-A90BB996B2BD} = {8F9DCA01-954B-4A99-8D90-A90BB996B2BD}
		{7DFBEF02-596F-4B59-AC3A-59A38C0F27DE} = {7DFBEF02-596F-4B59-AC3A-59A38C0F27DE}
		{EB6A3011-60D0-415A-A4CE-262924F53AF0} = {EB6A3011-60D0-415A-A4CE-262924F53AF0}
		{8BAB2B20-588A-4067-BEB8-6576DCDC2214} = {8BAB2B20-588A-4067-BEB8-6576DCDC2214}
		{2FA74825-282D-4C2B-A8DA-A96A9D3F0A27} = {2FA74825-282D-4C2B-A8DA-A96A9D3F0A27}
		{F9F0532D-8C4D-4A78-ACB1-DD1682F70BBD} = {F9F0532D-8C4D-4A78-ACB1-DD1682F70BBD}
		{FD428D39-0EFA-429E-BF8E-B13C784BC2B3} = {FD428D39-0EFA-429E-BF8E-B13C784BC2B3}
		{060E1B46-08FA-4407-A2A0-AD2A8DEF9A25} = {060E1B46-08FA-4407-A2A0-AD2A8DEF9A25}
		{24F7F546-47F4-420C-94E0-D631E9E29D21} = {24F7F546-47F4-420C-94E0-D631E9E29D21}
		{A12C2C5B-D12E-457A-8D1C-69A9E6759064} = {A12C2C5B-D12E-457A-8D1C-69A9E6759064}
		{E4821295-1936-4D22-A603-5E5530E3A4DC} = {E4821295-1936-4D22-A603-5E5530E3A4DC}
		{5DE4119E-43B5-4C46-811E-CA31988EFF1D} = {5DE4119E-43B5-4C46-811E-CA31988EFF1D}
		{3720AEB0-BEB8-4C7E-AF9B-50A0DB65348B} = {3720AEB0-BEB8-4C7E-AF9B-50A0DB65348B}
		{F0374DC9-3D1D-4A36-ACAC-1636F34C9159} = {F0374DC9-3D1D-4A36-ACAC-1636F34C9159}
		{7955BFCE-FB8D-40DE-879E-FD1566751449} = {7955BFCE-FB8D-40DE-879E-FD1566751449}
		{7AF774D1-562D-403E-93B4-B1AD3FA4DDCA} = {7AF774D1-562D-403E-93B4-B1AD3FA4DDCA}
	EndProjectSection
EndProject
Project("{8BC9CEB8-8B4A-11D0-8D11-00A0C91BC942}") = "cdidump", "cdidump\cdidump.vcxproj", "{49A5B0A3-5955-4BBE-9435-EE969D28916A}"
	ProjectSection(ProjectDependencies) = postProject
		{8F9DCA01-954B-4A99-8D90-A90BB996B2BD} = {8F9DCA01-954B-4A99-8D90-A90BB996B2BD}
		{7DFBEF02-596F-4B59-AC3A-59A38C0F27DE} = {7DFBEF02-596F-4B59-AC3A-59A38C0F27DE}
		{EB6A3011-60D0-415A-A4CE-262924F53AF0} = {EB6A3011-60D0-415A-A4CE-262924F53AF0}
		{8BAB2B20-588A-4067-BEB8-6576DCDC2214} = {8BAB2B20-588A-4067-BEB8-6576DCDC2214}
		{2FA74825-282D-4C2B-A8DA-A96A9D3F0A27} = {2FA74825-282D-4C2B-A8DA-A96A9D3F0A27}
		{F9F0532D-8C4D-4A78-ACB1-DD1682F70BBD} = {F9F0532D-8C4D-4A78-ACB1-DD1682F70BBD}
		{FD428D39-0EFA-429E-BF8E-B13C784BC2B3} = {FD428D39-0EFA-429E-BF8E-B13C784BC2B3}
		{060E1B46-08FA-4407-A2A0-AD2A8DEF9A25} = {060E1B46-08FA-4407-A2A0-AD2A8DEF9A25}
		{A12C2C5B-D12E-457A-8D1C-69A9E6759064} = {A12C2C5B-D12E-457A-8D1C-69A9E6759064}
		{AB0F8972-52E1-4DEA-9307-DAA1FC6954F0} = {AB0F8972-52E1-4DEA-9307-DAA1FC6954F0}
		{E4821295-1936-4D22-A603-5E5530E3A4DC} = {E4821295-1936-4D22-A603-5E5530E3A4DC}
		{5DE4119E-43B5-4C46-811E-CA31988EFF1D} = {5DE4119E-43B5-4C46-811E-CA31988EFF1D}
		{3720AEB0-BEB8-4C7E-AF9B-50A0DB65348B} = {3720AEB0-BEB8-4C7E-AF9B-50A0DB65348B}
		{F0374DC9-3D1D-4A36-ACAC-1636F34C9159} = {F0374DC9-3D1D-4A36-ACAC-1636F34C9159}
		{7955BFCE-FB8D-40DE-879E-FD1566751449} = {7955BFCE-FB8D-40DE-879E-FD1566751449}
	EndProjectSection
EndProject
Project("{8BC9CEB8-8B4A-11D0-8D11-00A0C91BC942}") = "Cm.Debugger", "Cm.Debugger\Cm.Debugger.vcxproj", "{A366C89C-9779-4783-AAA1-4999414E106D}"
	ProjectSection(ProjectDependencies) = postProject
		{8F9DCA01-954B-4A99-8D90-A90BB996B2BD} = {8F9DCA01-954B-4A99-8D90-A90BB996B2BD}
		{7DFBEF02-596F-4B59-AC3A-59A38C0F27DE} = {7DFBEF02-596F-4B59-AC3A-59A38C0F27DE}
		{EB6A3011-60D0-415A-A4CE-262924F53AF0} = {EB6A3011-60D0-415A-A4CE-262924F53AF0}
		{8BAB2B20-588A-4067-BEB8-6576DCDC2214} = {8BAB2B20-588A-4067-BEB8-6576DCDC2214}
		{2FA74825-282D-4C2B-A8DA-A96A9D3F0A27} = {2FA74825-282D-4C2B-A8DA-A96A9D3F0A27}
		{F9F0532D-8C4D-4A78-ACB1-DD1682F70BBD} = {F9F0532D-8C4D-4A78-ACB1-DD1682F70BBD}
		{FD428D39-0EFA-429E-BF8E-B13C784BC2B3} = {FD428D39-0EFA-429E-BF8E-B13C784BC2B3}
		{060E1B46-08FA-4407-A2A0-AD2A8DEF9A25} = {060E1B46-08FA-4407-A2A0-AD2A8DEF9A25}
		{24F7F546-47F4-420C-94E0-D631E9E29D21} = {24F7F546-47F4-420C-94E0-D631E9E29D21}
		{A12C2C5B-D12E-457A-8D1C-69A9E6759064} = {A12C2C5B-D12E-457A-8D1C-69A9E6759064}
		{AB0F8972-52E1-4DEA-9307-DAA1FC6954F0} = {AB0F8972-52E1-4DEA-9307-DAA1FC6954F0}
		{E4821295-1936-4D22-A603-5E5530E3A4DC} = {E4821295-1936-4D22-A603-5E5530E3A4DC}
		{5DE4119E-43B5-4C46-811E-CA31988EFF1D} = {5DE4119E-43B5-4C46-811E-CA31988EFF1D}
		{3720AEB0-BEB8-4C7E-AF9B-50A0DB65348B} = {3720AEB0-BEB8-4C7E-AF9B-50A0DB65348B}
		{F0374DC9-3D1D-4A36-ACAC-1636F34C9159} = {F0374DC9-3D1D-4A36-ACAC-1636F34C9159}
		{7955BFCE-FB8D-40DE-879E-FD1566751449} = {7955BFCE-FB8D-40DE-879E-FD1566751449}
		{7AF774D1-562D-403E-93B4-B1AD3FA4DDCA} = {7AF774D1-562D-403E-93B4-B1AD3FA4DDCA}
	EndProjectSection
EndProject
Project("{8BC9CEB8-8B4A-11D0-8D11-00A0C91BC942}") = "SourceRead", "SourceRead\SourceRead.vcxproj", "{EE63E132-F6BB-4CB8-B211-A2C268D6D073}"
	ProjectSection(ProjectDependencies) = postProject
		{7DFBEF02-596F-4B59-AC3A-59A38C0F27DE} = {7DFBEF02-596F-4B59-AC3A-59A38C0F27DE}
		{8BAB2B20-588A-4067-BEB8-6576DCDC2214} = {8BAB2B20-588A-4067-BEB8-6576DCDC2214}
		{2FA74825-282D-4C2B-A8DA-A96A9D3F0A27} = {2FA74825-282D-4C2B-A8DA-A96A9D3F0A27}
		{F9F0532D-8C4D-4A78-ACB1-DD1682F70BBD} = {F9F0532D-8C4D-4A78-ACB1-DD1682F70BBD}
		{5DE4119E-43B5-4C46-811E-CA31988EFF1D} = {5DE4119E-43B5-4C46-811E-CA31988EFF1D}
		{3720AEB0-BEB8-4C7E-AF9B-50A0DB65348B} = {3720AEB0-BEB8-4C7E-AF9B-50A0DB65348B}
	EndProjectSection
EndProject
Project("{8BC9CEB8-8B4A-11D0-8D11-00A0C91BC942}") = "Cm.Profiler", "Cm.Profiler\Cm.Profiler.vcxproj", "{43D7F92D-3CE4-4C63-A6F0-C222A86B64AE}"
	ProjectSection(ProjectDependencies) = postProject
		{F9F0532D-8C4D-4A78-ACB1-DD1682F70BBD} = {F9F0532D-8C4D-4A78-ACB1-DD1682F70BBD}
	EndProjectSection
EndProject
Project("{8BC9CEB8-8B4A-11D0-8D11-00A0C91BC942}") = "Cm.Opt", "Cm.Opt\Cm.Opt.vcxproj", "{162B6786-147B-4BB6-A393-3A4A61ACC71F}"
EndProject
Global
	GlobalSection(Performance) = preSolution
		HasPerformanceSessions = true
	EndGlobalSection
	GlobalSection(SolutionConfigurationPlatforms) = preSolution
		Debug|Mixed Platforms = Debug|Mixed Platforms
		Debug|Win32 = Debug|Win32
		Debug|x64 = Debug|x64
		Release|Mixed Platforms = Release|Mixed Platforms
		Release|Win32 = Release|Win32
		Release|x64 = Release|x64
	EndGlobalSection
	GlobalSection(ProjectConfigurationPlatforms) = postSolution
		{00F080D7-2AFD-41C5-BDCC-0D1F32A65028}.Debug|Mixed Platforms.ActiveCfg = Debug|Win32
		{00F080D7-2AFD-41C5-BDCC-0D1F32A65028}.Debug|Mixed Platforms.Build.0 = Debug|Win32
		{00F080D7-2AFD-41C5-BDCC-0D1F32A65028}.Debug|Win32.ActiveCfg = Debug|Win32
		{00F080D7-2AFD-41C5-BDCC-0D1F32A65028}.Debug|Win32.Build.0 = Debug|Win32
		{00F080D7-2AFD-41C5-BDCC-0D1F32A65028}.Debug|x64.ActiveCfg = Debug|x64
		{00F080D7-2AFD-41C5-BDCC-0D1F32A65028}.Debug|x64.Build.0 = Debug|x64
		{00F080D7-2AFD-41C5-BDCC-0D1F32A65028}.Release|Mixed Platforms.ActiveCfg = Release|Win32
		{00F080D7-2AFD-41C5-BDCC-0D1F32A65028}.Release|Mixed Platforms.Build.0 = Release|Win32
		{00F080D7-2AFD-41C5-BDCC-0D1F32A65028}.Release|Win32.ActiveCfg = Release|Win32
		{00F080D7-2AFD-41C5-BDCC-0D1F32A65028}.Release|Win32.Build.0 = Release|Win32
		{00F080D7-2AFD-41C5-BDCC-0D1F32A65028}.Release|x64.ActiveCfg = Release|x64
		{00F080D7-2AFD-41C5-BDCC-0D1F32A65028}.Release|x64.Build.0 = Release|x64
		{5DE4119E-43B5-4C46-811E-CA31988EFF1D}.Debug|Mixed Platforms.ActiveCfg = Debug|Win32
		{5DE4119E-43B5-4C46-811E-CA31988EFF1D}.Debug|Mixed Platforms.Build.0 = Debug|Win32
		{5DE4119E-43B5-4C46-811E-CA31988EFF1D}.Debug|Win32.ActiveCfg = Debug|Win32
		{5DE4119E-43B5-4C46-811E-CA31988EFF1D}.Debug|Win32.Build.0 = Debug|Win32
		{5DE4119E-43B5-4C46-811E-CA31988EFF1D}.Debug|x64.ActiveCfg = Debug|x64
		{5DE4119E-43B5-4C46-811E-CA31988EFF1D}.Debug|x64.Build.0 = Debug|x64
		{5DE4119E-43B5-4C46-811E-CA31988EFF1D}.Release|Mixed Platforms.ActiveCfg = Release|Win32
		{5DE4119E-43B5-4C46-811E-CA31988EFF1D}.Release|Mixed Platforms.Build.0 = Release|Win32
		{5DE4119E-43B5-4C46-811E-CA31988EFF1D}.Release|Win32.ActiveCfg = Release|Win32
		{5DE4119E-43B5-4C46-811E-CA31988EFF1D}.Release|Win32.Build.0 = Release|Win32
		{5DE4119E-43B5-4C46-811E-CA31988EFF1D}.Release|x64.ActiveCfg = Release|x64
		{5DE4119E-43B5-4C46-811E-CA31988EFF1D}.Release|x64.Build.0 = Release|x64
		{3720AEB0-BEB8-4C7E-AF9B-50A0DB65348B}.Debug|Mixed Platforms.ActiveCfg = Debug|Win32
		{3720AEB0-BEB8-4C7E-AF9B-50A0DB65348B}.Debug|Mixed Platforms.Build.0 = Debug|Win32
		{3720AEB0-BEB8-4C7E-AF9B-50A0DB65348B}.Debug|Win32.ActiveCfg = Debug|Win32
		{3720AEB0-BEB8-4C7E-AF9B-50A0DB65348B}.Debug|Win32.Build.0 = Debug|Win32
		{3720AEB0-BEB8-4C7E-AF9B-50A0DB65348B}.Debug|x64.ActiveCfg = Debug|x64
		{3720AEB0-BEB8-4C7E-AF9B-50A0DB65348B}.Debug|x64.Build.0 = Debug|x64
		{3720AEB0-BEB8-4C7E-AF9B-50A0DB65348B}.Release|Mixed Platforms.ActiveCfg = Release|Win32
		{3720AEB0-BEB8-4C7E-AF9B-50A0DB65348B}.Release|Mixed Platforms.Build.0 = Release|Win32
		{3720AEB0-BEB8-4C7E-AF9B-50A0DB65348B}.Release|Win32.ActiveCfg = Release|Win32
		{3720AEB0-BEB8-4C7E-AF9B-50A0DB65348B}.Release|Win32.Build.0 = Release|Win32
		{3720AEB0-BEB8-4C7E-AF9B-50A0DB65348B}.Release|x64.ActiveCfg = Release|x64
		{3720AEB0-BEB8-4C7E-AF9B-50A0DB65348B}.Release|x64.Build.0 = Release|x64
		{7DFBEF02-596F-4B59-AC3A-59A38C0F27DE}.Debug|Mixed Platforms.ActiveCfg = Debug|Win32
		{7DFBEF02-596F-4B59-AC3A-59A38C0F27DE}.Debug|Mixed Platforms.Build.0 = Debug|Win32
		{7DFBEF02-596F-4B59-AC3A-59A38C0F27DE}.Debug|Win32.ActiveCfg = Debug|Win32
		{7DFBEF02-596F-4B59-AC3A-59A38C0F27DE}.Debug|Win32.Build.0 = Debug|Win32
		{7DFBEF02-596F-4B59-AC3A-59A38C0F27DE}.Debug|x64.ActiveCfg = Debug|x64
		{7DFBEF02-596F-4B59-AC3A-59A38C0F27DE}.Debug|x64.Build.0 = Debug|x64
		{7DFBEF02-596F-4B59-AC3A-59A38C0F27DE}.Release|Mixed Platforms.ActiveCfg = Release|Win32
		{7DFBEF02-596F-4B59-AC3A-59A38C0F27DE}.Release|Mixed Platforms.Build.0 = Release|Win32
		{7DFBEF02-596F-4B59-AC3A-59A38C0F27DE}.Release|Win32.ActiveCfg = Release|Win32
		{7DFBEF02-596F-4B59-AC3A-59A38C0F27DE}.Release|Win32.Build.0 = Release|Win32
		{7DFBEF02-596F-4B59-AC3A-59A38C0F27DE}.Release|x64.ActiveCfg = Release|x64
		{7DFBEF02-596F-4B59-AC3A-59A38C0F27DE}.Release|x64.Build.0 = Release|x64
		{2FA74825-282D-4C2B-A8DA-A96A9D3F0A27}.Debug|Mixed Platforms.ActiveCfg = Debug|Win32
		{2FA74825-282D-4C2B-A8DA-A96A9D3F0A27}.Debug|Mixed Platforms.Build.0 = Debug|Win32
		{2FA74825-282D-4C2B-A8DA-A96A9D3F0A27}.Debug|Win32.ActiveCfg = Debug|Win32
		{2FA74825-282D-4C2B-A8DA-A96A9D3F0A27}.Debug|Win32.Build.0 = Debug|Win32
		{2FA74825-282D-4C2B-A8DA-A96A9D3F0A27}.Debug|x64.ActiveCfg = Debug|x64
		{2FA74825-282D-4C2B-A8DA-A96A9D3F0A27}.Debug|x64.Build.0 = Debug|x64
		{2FA74825-282D-4C2B-A8DA-A96A9D3F0A27}.Release|Mixed Platforms.ActiveCfg = Release|Win32
		{2FA74825-282D-4C2B-A8DA-A96A9D3F0A27}.Release|Mixed Platforms.Build.0 = Release|Win32
		{2FA74825-282D-4C2B-A8DA-A96A9D3F0A27}.Release|Win32.ActiveCfg = Release|Win32
		{2FA74825-282D-4C2B-A8DA-A96A9D3F0A27}.Release|Win32.Build.0 = Release|Win32
		{2FA74825-282D-4C2B-A8DA-A96A9D3F0A27}.Release|x64.ActiveCfg = Release|x64
		{2FA74825-282D-4C2B-A8DA-A96A9D3F0A27}.Release|x64.Build.0 = Release|x64
		{F9F0532D-8C4D-4A78-ACB1-DD1682F70BBD}.Debug|Mixed Platforms.ActiveCfg = Debug|Win32
		{F9F0532D-8C4D-4A78-ACB1-DD1682F70BBD}.Debug|Mixed Platforms.Build.0 = Debug|Win32
		{F9F0532D-8C4D-4A78-ACB1-DD1682F70BBD}.Debug|Win32.ActiveCfg = Debug|Win32
		{F9F0532D-8C4D-4A78-ACB1-DD1682F70BBD}.Debug|Win32.Build.0 = Debug|Win32
		{F9F0532D-8C4D-4A78-ACB1-DD1682F70BBD}.Debug|x64.ActiveCfg = Debug|x64
		{F9F0532D-8C4D-4A78-ACB1-DD1682F70BBD}.Debug|x64.Build.0 = Debug|x64
		{F9F0532D-8C4D-4A78-ACB1-DD1682F70BBD}.Release|Mixed Platforms.ActiveCfg = Release|Win32
		{F9F0532D-8C4D-4A78-ACB1-DD1682F70BBD}.Release|Mixed Platforms.Build.0 = Release|Win32
		{F9F0532D-8C4D-4A78-ACB1-DD1682F70BBD}.Release|Win32.ActiveCfg = Release|Win32
		{F9F0532D-8C4D-4A78-ACB1-DD1682F70BBD}.Release|Win32.Build.0 = Release|Win32
		{F9F0532D-8C4D-4A78-ACB1-DD1682F70BBD}.Release|x64.ActiveCfg = Release|x64
		{F9F0532D-8C4D-4A78-ACB1-DD1682F70BBD}.Release|x64.Build.0 = Release|x64
		{E6E7AAB1-5244-4712-B434-55D590D1D341}.Debug|Mixed Platforms.ActiveCfg = Debug|Win32
		{E6E7AAB1-5244-4712-B434-55D590D1D341}.Debug|Mixed Platforms.Build.0 = Debug|Win32
		{E6E7AAB1-5244-4712-B434-55D590D1D341}.Debug|Win32.ActiveCfg = Debug|Win32
		{E6E7AAB1-5244-4712-B434-55D590D1D341}.Debug|Win32.Build.0 = Debug|Win32
		{E6E7AAB1-5244-4712-B434-55D590D1D341}.Debug|x64.ActiveCfg = Debug|x64
		{E6E7AAB1-5244-4712-B434-55D590D1D341}.Debug|x64.Build.0 = Debug|x64
		{E6E7AAB1-5244-4712-B434-55D590D1D341}.Release|Mixed Platforms.ActiveCfg = Release|Win32
		{E6E7AAB1-5244-4712-B434-55D590D1D341}.Release|Mixed Platforms.Build.0 = Release|Win32
		{E6E7AAB1-5244-4712-B434-55D590D1D341}.Release|Win32.ActiveCfg = Release|Win32
		{E6E7AAB1-5244-4712-B434-55D590D1D341}.Release|Win32.Build.0 = Release|Win32
		{E6E7AAB1-5244-4712-B434-55D590D1D341}.Release|x64.ActiveCfg = Release|x64
		{E6E7AAB1-5244-4712-B434-55D590D1D341}.Release|x64.Build.0 = Release|x64
		{9DF17C22-7F20-4DBE-BAD3-AD12B9D53EF4}.Debug|Mixed Platforms.ActiveCfg = Debug|Win32
		{9DF17C22-7F20-4DBE-BAD3-AD12B9D53EF4}.Debug|Mixed Platforms.Build.0 = Debug|Win32
		{9DF17C22-7F20-4DBE-BAD3-AD12B9D53EF4}.Debug|Win32.ActiveCfg = Debug|Win32
		{9DF17C22-7F20-4DBE-BAD3-AD12B9D53EF4}.Debug|Win32.Build.0 = Debug|Win32
		{9DF17C22-7F20-4DBE-BAD3-AD12B9D53EF4}.Debug|x64.ActiveCfg = Debug|x64
		{9DF17C22-7F20-4DBE-BAD3-AD12B9D53EF4}.Debug|x64.Build.0 = Debug|x64
		{9DF17C22-7F20-4DBE-BAD3-AD12B9D53EF4}.Release|Mixed Platforms.ActiveCfg = Release|Win32
		{9DF17C22-7F20-4DBE-BAD3-AD12B9D53EF4}.Release|Mixed Platforms.Build.0 = Release|Win32
		{9DF17C22-7F20-4DBE-BAD3-AD12B9D53EF4}.Release|Win32.ActiveCfg = Release|Win32
		{9DF17C22-7F20-4DBE-BAD3-AD12B9D53EF4}.Release|Win32.Build.0 = Release|Win32
		{9DF17C22-7F20-4DBE-BAD3-AD12B9D53EF4}.Release|x64.ActiveCfg = Release|x64
		{9DF17C22-7F20-4DBE-BAD3-AD12B9D53EF4}.Release|x64.Build.0 = Release|x64
		{63562744-85E9-4496-B046-EE3231AE33AC}.Debug|Mixed Platforms.ActiveCfg = Debug|Win32
		{63562744-85E9-4496-B046-EE3231AE33AC}.Debug|Mixed Platforms.Build.0 = Debug|Win32
		{63562744-85E9-4496-B046-EE3231AE33AC}.Debug|Win32.ActiveCfg = Debug|Win32
		{63562744-85E9-4496-B046-EE3231AE33AC}.Debug|Win32.Build.0 = Debug|Win32
		{63562744-85E9-4496-B046-EE3231AE33AC}.Debug|x64.ActiveCfg = Debug|x64
		{63562744-85E9-4496-B046-EE3231AE33AC}.Debug|x64.Build.0 = Debug|x64
		{63562744-85E9-4496-B046-EE3231AE33AC}.Release|Mixed Platforms.ActiveCfg = Release|Win32
		{63562744-85E9-4496-B046-EE3231AE33AC}.Release|Mixed Platforms.Build.0 = Release|Win32
		{63562744-85E9-4496-B046-EE3231AE33AC}.Release|Win32.ActiveCfg = Release|Win32
		{63562744-85E9-4496-B046-EE3231AE33AC}.Release|Win32.Build.0 = Release|Win32
		{63562744-85E9-4496-B046-EE3231AE33AC}.Release|x64.ActiveCfg = Release|x64
		{63562744-85E9-4496-B046-EE3231AE33AC}.Release|x64.Build.0 = Release|x64
		{8BAB2B20-588A-4067-BEB8-6576DCDC2214}.Debug|Mixed Platforms.ActiveCfg = Debug|Win32
		{8BAB2B20-588A-4067-BEB8-6576DCDC2214}.Debug|Mixed Platforms.Build.0 = Debug|Win32
		{8BAB2B20-588A-4067-BEB8-6576DCDC2214}.Debug|Win32.ActiveCfg = Debug|Win32
		{8BAB2B20-588A-4067-BEB8-6576DCDC2214}.Debug|Win32.Build.0 = Debug|Win32
		{8BAB2B20-588A-4067-BEB8-6576DCDC2214}.Debug|x64.ActiveCfg = Debug|x64
		{8BAB2B20-588A-4067-BEB8-6576DCDC2214}.Debug|x64.Build.0 = Debug|x64
		{8BAB2B20-588A-4067-BEB8-6576DCDC2214}.Release|Mixed Platforms.ActiveCfg = Release|Win32
		{8BAB2B20-588A-4067-BEB8-6576DCDC2214}.Release|Mixed Platforms.Build.0 = Release|Win32
		{8BAB2B20-588A-4067-BEB8-6576DCDC2214}.Release|Win32.ActiveCfg = Release|Win32
		{8BAB2B20-588A-4067-BEB8-6576DCDC2214}.Release|Win32.Build.0 = Release|Win32
		{8BAB2B20-588A-4067-BEB8-6576DCDC2214}.Release|x64.ActiveCfg = Release|x64
		{8BAB2B20-588A-4067-BEB8-6576DCDC2214}.Release|x64.Build.0 = Release|x64
		{0D15B451-63AC-4078-AEE6-6837FC95360B}.Debug|Mixed Platforms.ActiveCfg = Debug|Win32
		{0D15B451-63AC-4078-AEE6-6837FC95360B}.Debug|Mixed Platforms.Build.0 = Debug|Win32
		{0D15B451-63AC-4078-AEE6-6837FC95360B}.Debug|Win32.ActiveCfg = Debug|Win32
		{0D15B451-63AC-4078-AEE6-6837FC95360B}.Debug|Win32.Build.0 = Debug|Win32
		{0D15B451-63AC-4078-AEE6-6837FC95360B}.Debug|x64.ActiveCfg = Debug|x64
		{0D15B451-63AC-4078-AEE6-6837FC95360B}.Debug|x64.Build.0 = Debug|x64
		{0D15B451-63AC-4078-AEE6-6837FC95360B}.Release|Mixed Platforms.ActiveCfg = Release|Win32
		{0D15B451-63AC-4078-AEE6-6837FC95360B}.Release|Mixed Platforms.Build.0 = Release|Win32
		{0D15B451-63AC-4078-AEE6-6837FC95360B}.Release|Win32.ActiveCfg = Release|Win32
		{0D15B451-63AC-4078-AEE6-6837FC95360B}.Release|Win32.Build.0 = Release|Win32
		{0D15B451-63AC-4078-AEE6-6837FC95360B}.Release|x64.ActiveCfg = Release|x64
		{0D15B451-63AC-4078-AEE6-6837FC95360B}.Release|x64.Build.0 = Release|x64
		{A12C2C5B-D12E-457A-8D1C-69A9E6759064}.Debug|Mixed Platforms.ActiveCfg = Debug|Win32
		{A12C2C5B-D12E-457A-8D1C-69A9E6759064}.Debug|Mixed Platforms.Build.0 = Debug|Win32
		{A12C2C5B-D12E-457A-8D1C-69A9E6759064}.Debug|Win32.ActiveCfg = Debug|Win32
		{A12C2C5B-D12E-457A-8D1C-69A9E6759064}.Debug|Win32.Build.0 = Debug|Win32
		{A12C2C5B-D12E-457A-8D1C-69A9E6759064}.Debug|x64.ActiveCfg = Debug|x64
		{A12C2C5B-D12E-457A-8D1C-69A9E6759064}.Debug|x64.Build.0 = Debug|x64
		{A12C2C5B-D12E-457A-8D1C-69A9E6759064}.Release|Mixed Platforms.ActiveCfg = Release|Win32
		{A12C2C5B-D12E-457A-8D1C-69A9E6759064}.Release|Mixed Platforms.Build.0 = Release|Win32
		{A12C2C5B-D12E-457A-8D1C-69A9E6759064}.Release|Win32.ActiveCfg = Release|Win32
		{A12C2C5B-D12E-457A-8D1C-69A9E6759064}.Release|Win32.Build.0 = Release|Win32
		{A12C2C5B-D12E-457A-8D1C-69A9E6759064}.Release|x64.ActiveCfg = Release|x64
		{A12C2C5B-D12E-457A-8D1C-69A9E6759064}.Release|x64.Build.0 = Release|x64
		{7AF774D1-562D-403E-93B4-B1AD3FA4DDCA}.Debug|Mixed Platforms.ActiveCfg = Debug|Win32
		{7AF774D1-562D-403E-93B4-B1AD3FA4DDCA}.Debug|Mixed Platforms.Build.0 = Debug|Win32
		{7AF774D1-562D-403E-93B4-B1AD3FA4DDCA}.Debug|Win32.ActiveCfg = Debug|Win32
		{7AF774D1-562D-403E-93B4-B1AD3FA4DDCA}.Debug|Win32.Build.0 = Debug|Win32
		{7AF774D1-562D-403E-93B4-B1AD3FA4DDCA}.Debug|x64.ActiveCfg = Debug|x64
		{7AF774D1-562D-403E-93B4-B1AD3FA4DDCA}.Debug|x64.Build.0 = Debug|x64
		{7AF774D1-562D-403E-93B4-B1AD3FA4DDCA}.Release|Mixed Platforms.ActiveCfg = Release|Win32
		{7AF774D1-562D-403E-93B4-B1AD3FA4DDCA}.Release|Mixed Platforms.Build.0 = Release|Win32
		{7AF774D1-562D-403E-93B4-B1AD3FA4DDCA}.Release|Win32.ActiveCfg = Release|Win32
		{7AF774D1-562D-403E-93B4-B1AD3FA4DDCA}.Release|Win32.Build.0 = Release|Win32
		{7AF774D1-562D-403E-93B4-B1AD3FA4DDCA}.Release|x64.ActiveCfg = Release|x64
		{7AF774D1-562D-403E-93B4-B1AD3FA4DDCA}.Release|x64.Build.0 = Release|x64
		{EB6A3011-60D0-415A-A4CE-262924F53AF0}.Debug|Mixed Platforms.ActiveCfg = Debug|Win32
		{EB6A3011-60D0-415A-A4CE-262924F53AF0}.Debug|Mixed Platforms.Build.0 = Debug|Win32
		{EB6A3011-60D0-415A-A4CE-262924F53AF0}.Debug|Win32.ActiveCfg = Debug|Win32
		{EB6A3011-60D0-415A-A4CE-262924F53AF0}.Debug|Win32.Build.0 = Debug|Win32
		{EB6A3011-60D0-415A-A4CE-262924F53AF0}.Debug|x64.ActiveCfg = Debug|x64
		{EB6A3011-60D0-415A-A4CE-262924F53AF0}.Debug|x64.Build.0 = Debug|x64
		{EB6A3011-60D0-415A-A4CE-262924F53AF0}.Release|Mixed Platforms.ActiveCfg = Release|Win32
		{EB6A3011-60D0-415A-A4CE-262924F53AF0}.Release|Mixed Platforms.Build.0 = Release|Win32
		{EB6A3011-60D0-415A-A4CE-262924F53AF0}.Release|Win32.ActiveCfg = Release|Win32
		{EB6A3011-60D0-415A-A4CE-262924F53AF0}.Release|Win32.Build.0 = Release|Win32
		{EB6A3011-60D0-415A-A4CE-262924F53AF0}.Release|x64.ActiveCfg = Release|x64
		{EB6A3011-60D0-415A-A4CE-262924F53AF0}.Release|x64.Build.0 = Release|x64
		{E4821295-1936-4D22-A603-5E5530E3A4DC}.Debug|Mixed Platforms.ActiveCfg = Debug|Win32
		{E4821295-1936-4D22-A603-5E5530E3A4DC}.Debug|Mixed Platforms.Build.0 = Debug|Win32
		{E4821295-1936-4D22-A603-5E5530E3A4DC}.Debug|Win32.ActiveCfg = Debug|Win32
		{E4821295-1936-4D22-A603-5E5530E3A4DC}.Debug|Win32.Build.0 = Debug|Win32
		{E4821295-1936-4D22-A603-5E5530E3A4DC}.Debug|x64.ActiveCfg = Debug|x64
		{E4821295-1936-4D22-A603-5E5530E3A4DC}.Debug|x64.Build.0 = Debug|x64
		{E4821295-1936-4D22-A603-5E5530E3A4DC}.Release|Mixed Platforms.ActiveCfg = Release|Win32
		{E4821295-1936-4D22-A603-5E5530E3A4DC}.Release|Mixed Platforms.Build.0 = Release|Win32
		{E4821295-1936-4D22-A603-5E5530E3A4DC}.Release|Win32.ActiveCfg = Release|Win32
		{E4821295-1936-4D22-A603-5E5530E3A4DC}.Release|Win32.Build.0 = Release|Win32
		{E4821295-1936-4D22-A603-5E5530E3A4DC}.Release|x64.ActiveCfg = Release|x64
		{E4821295-1936-4D22-A603-5E5530E3A4DC}.Release|x64.Build.0 = Release|x64
		{FD428D39-0EFA-429E-BF8E-B13C784BC2B3}.Debug|Mixed Platforms.ActiveCfg = Debug|Win32
		{FD428D39-0EFA-429E-BF8E-B13C784BC2B3}.Debug|Mixed Platforms.Build.0 = Debug|Win32
		{FD428D39-0EFA-429E-BF8E-B13C784BC2B3}.Debug|Win32.ActiveCfg = Debug|Win32
		{FD428D39-0EFA-429E-BF8E-B13C784BC2B3}.Debug|Win32.Build.0 = Debug|Win32
		{FD428D39-0EFA-429E-BF8E-B13C784BC2B3}.Debug|x64.ActiveCfg = Debug|x64
		{FD428D39-0EFA-429E-BF8E-B13C784BC2B3}.Debug|x64.Build.0 = Debug|x64
		{FD428D39-0EFA-429E-BF8E-B13C784BC2B3}.Release|Mixed Platforms.ActiveCfg = Release|Win32
		{FD428D39-0EFA-429E-BF8E-B13C784BC2B3}.Release|Mixed Platforms.Build.0 = Release|Win32
		{FD428D39-0EFA-429E-BF8E-B13C784BC2B3}.Release|Win32.ActiveCfg = Release|Win32
		{FD428D39-0EFA-429E-BF8E-B13C784BC2B3}.Release|Win32.Build.0 = Release|Win32
		{FD428D39-0EFA-429E-BF8E-B13C784BC2B3}.Release|x64.ActiveCfg = Release|x64
		{FD428D39-0EFA-429E-BF8E-B13C784BC2B3}.Release|x64.Build.0 = Release|x64
		{7955BFCE-FB8D-40DE-879E-FD1566751449}.Debug|Mixed Platforms.ActiveCfg = Debug|Win32
		{7955BFCE-FB8D-40DE-879E-FD1566751449}.Debug|Mixed Platforms.Build.0 = Debug|Win32
		{7955BFCE-FB8D-40DE-879E-FD1566751449}.Debug|Win32.ActiveCfg = Debug|Win32
		{7955BFCE-FB8D-40DE-879E-FD1566751449}.Debug|Win32.Build.0 = Debug|Win32
		{7955BFCE-FB8D-40DE-879E-FD1566751449}.Debug|x64.ActiveCfg = Debug|x64
		{7955BFCE-FB8D-40DE-879E-FD1566751449}.Debug|x64.Build.0 = Debug|x64
		{7955BFCE-FB8D-40DE-879E-FD1566751449}.Release|Mixed Platforms.ActiveCfg = Release|Win32
		{7955BFCE-FB8D-40DE-879E-FD1566751449}.Release|Mixed Platforms.Build.0 = Release|Win32
		{7955BFCE-FB8D-40DE-879E-FD1566751449}.Release|Win32.ActiveCfg = Release|Win32
		{7955BFCE-FB8D-40DE-879E-FD1566751449}.Release|Win32.Build.0 = Release|Win32
		{7955BFCE-FB8D-40DE-879E-FD1566751449}.Release|x64.ActiveCfg = Release|x64
		{7955BFCE-FB8D-40DE-879E-FD1566751449}.Release|x64.Build.0 = Release|x64
		{8F9DCA01-954B-4A99-8D90-A90BB996B2BD}.Debug|Mixed Platforms.ActiveCfg = Debug|Win32
		{8F9DCA01-954B-4A99-8D90-A90BB996B2BD}.Debug|Mixed Platforms.Build.0 = Debug|Win32
		{8F9DCA01-954B-4A99-8D90-A90BB996B2BD}.Debug|Win32.ActiveCfg = Debug|Win32
		{8F9DCA01-954B-4A99-8D90-A90BB996B2BD}.Debug|Win32.Build.0 = Debug|Win32
		{8F9DCA01-954B-4A99-8D90-A90BB996B2BD}.Debug|x64.ActiveCfg = Debug|x64
		{8F9DCA01-954B-4A99-8D90-A90BB996B2BD}.Debug|x64.Build.0 = Debug|x64
		{8F9DCA01-954B-4A99-8D90-A90BB996B2BD}.Release|Mixed Platforms.ActiveCfg = Release|Win32
		{8F9DCA01-954B-4A99-8D90-A90BB996B2BD}.Release|Mixed Platforms.Build.0 = Release|Win32
		{8F9DCA01-954B-4A99-8D90-A90BB996B2BD}.Release|Win32.ActiveCfg = Release|Win32
		{8F9DCA01-954B-4A99-8D90-A90BB996B2BD}.Release|Win32.Build.0 = Release|Win32
		{8F9DCA01-954B-4A99-8D90-A90BB996B2BD}.Release|x64.ActiveCfg = Release|x64
		{8F9DCA01-954B-4A99-8D90-A90BB996B2BD}.Release|x64.Build.0 = Release|x64
		{AB0F8972-52E1-4DEA-9307-DAA1FC6954F0}.Debug|Mixed Platforms.ActiveCfg = Debug|Win32
		{AB0F8972-52E1-4DEA-9307-DAA1FC6954F0}.Debug|Mixed Platforms.Build.0 = Debug|Win32
		{AB0F8972-52E1-4DEA-9307-DAA1FC6954F0}.Debug|Win32.ActiveCfg = Debug|Win32
		{AB0F8972-52E1-4DEA-9307-DAA1FC6954F0}.Debug|Win32.Build.0 = Debug|Win32
		{AB0F8972-52E1-4DEA-9307-DAA1FC6954F0}.Debug|x64.ActiveCfg = Debug|x64
		{AB0F8972-52E1-4DEA-9307-DAA1FC6954F0}.Debug|x64.Build.0 = Debug|x64
		{AB0F8972-52E1-4DEA-9307-DAA1FC6954F0}.Release|Mixed Platforms.ActiveCfg = Release|Win32
		{AB0F8972-52E1-4DEA-9307-DAA1FC6954F0}.Release|Mixed Platforms.Build.0 = Release|Win32
		{AB0F8972-52E1-4DEA-9307-DAA1FC6954F0}.Release|Win32.ActiveCfg = Release|Win32
		{AB0F8972-52E1-4DEA-9307-DAA1FC6954F0}.Release|Win32.Build.0 = Release|Win32
		{AB0F8972-52E1-4DEA-9307-DAA1FC6954F0}.Release|x64.ActiveCfg = Release|x64
		{AB0F8972-52E1-4DEA-9307-DAA1FC6954F0}.Release|x64.Build.0 = Release|x64
		{060E1B46-08FA-4407-A2A0-AD2A8DEF9A25}.Debug|Mixed Platforms.ActiveCfg = Debug|Win32
		{060E1B46-08FA-4407-A2A0-AD2A8DEF9A25}.Debug|Mixed Platforms.Build.0 = Debug|Win32
		{060E1B46-08FA-4407-A2A0-AD2A8DEF9A25}.Debug|Win32.ActiveCfg = Debug|Win32
		{060E1B46-08FA-4407-A2A0-AD2A8DEF9A25}.Debug|Win32.Build.0 = Debug|Win32
		{060E1B46-08FA-4407-A2A0-AD2A8DEF9A25}.Debug|x64.ActiveCfg = Debug|x64
		{060E1B46-08FA-4407-A2A0-AD2A8DEF9A25}.Debug|x64.Build.0 = Debug|x64
		{060E1B46-08FA-4407-A2A0-AD2A8DEF9A25}.Release|Mixed Platforms.ActiveCfg = Release|Win32
		{060E1B46-08FA-4407-A2A0-AD2A8DEF9A25}.Release|Mixed Platforms.Build.0 = Release|Win32
		{060E1B46-08FA-4407-A2A0-AD2A8DEF9A25}.Release|Win32.ActiveCfg = Release|Win32
		{060E1B46-08FA-4407-A2A0-AD2A8DEF9A25}.Release|Win32.Build.0 = Release|Win32
		{060E1B46-08FA-4407-A2A0-AD2A8DEF9A25}.Release|x64.ActiveCfg = Release|x64
		{060E1B46-08FA-4407-A2A0-AD2A8DEF9A25}.Release|x64.Build.0 = Release|x64
		{F0374DC9-3D1D-4A36-ACAC-1636F34C9159}.Debug|Mixed Platforms.ActiveCfg = Debug|Win32
		{F0374DC9-3D1D-4A36-ACAC-1636F34C9159}.Debug|Mixed Platforms.Build.0 = Debug|Win32
		{F0374DC9-3D1D-4A36-ACAC-1636F34C9159}.Debug|Win32.ActiveCfg = Debug|Win32
		{F0374DC9-3D1D-4A36-ACAC-1636F34C9159}.Debug|Win32.Build.0 = Debug|Win32
		{F0374DC9-3D1D-4A36-ACAC-1636F34C9159}.Debug|x64.ActiveCfg = Debug|x64
		{F0374DC9-3D1D-4A36-ACAC-1636F34C9159}.Debug|x64.Build.0 = Debug|x64
		{F0374DC9-3D1D-4A36-ACAC-1636F34C9159}.Release|Mixed Platforms.ActiveCfg = Release|Win32
		{F0374DC9-3D1D-4A36-ACAC-1636F34C9159}.Release|Mixed Platforms.Build.0 = Release|Win32
		{F0374DC9-3D1D-4A36-ACAC-1636F34C9159}.Release|Win32.ActiveCfg = Release|Win32
		{F0374DC9-3D1D-4A36-ACAC-1636F34C9159}.Release|Win32.Build.0 = Release|Win32
		{F0374DC9-3D1D-4A36-ACAC-1636F34C9159}.Release|x64.ActiveCfg = Release|x64
		{F0374DC9-3D1D-4A36-ACAC-1636F34C9159}.Release|x64.Build.0 = Release|x64
		{130CD3A1-A0D0-4F29-906D-D6B459FD8114}.Debug|Mixed Platforms.ActiveCfg = Debug|Win32
		{130CD3A1-A0D0-4F29-906D-D6B459FD8114}.Debug|Mixed Platforms.Build.0 = Debug|Win32
		{130CD3A1-A0D0-4F29-906D-D6B459FD8114}.Debug|Win32.ActiveCfg = Debug|Win32
		{130CD3A1-A0D0-4F29-906D-D6B459FD8114}.Debug|Win32.Build.0 = Debug|Win32
		{130CD3A1-A0D0-4F29-906D-D6B459FD8114}.Debug|x64.ActiveCfg = Debug|x64
		{130CD3A1-A0D0-4F29-906D-D6B459FD8114}.Debug|x64.Build.0 = Debug|x64
		{130CD3A1-A0D0-4F29-906D-D6B459FD8114}.Release|Mixed Platforms.ActiveCfg = Release|Win32
		{130CD3A1-A0D0-4F29-906D-D6B459FD8114}.Release|Mixed Platforms.Build.0 = Release|Win32
		{130CD3A1-A0D0-4F29-906D-D6B459FD8114}.Release|Win32.ActiveCfg = Release|Win32
		{130CD3A1-A0D0-4F29-906D-D6B459FD8114}.Release|Win32.Build.0 = Release|Win32
		{130CD3A1-A0D0-4F29-906D-D6B459FD8114}.Release|x64.ActiveCfg = Release|x64
		{130CD3A1-A0D0-4F29-906D-D6B459FD8114}.Release|x64.Build.0 = Release|x64
		{24F7F546-47F4-420C-94E0-D631E9E29D21}.Debug|Mixed Platforms.ActiveCfg = Debug|Win32
		{24F7F546-47F4-420C-94E0-D631E9E29D21}.Debug|Mixed Platforms.Build.0 = Debug|Win32
		{24F7F546-47F4-420C-94E0-D631E9E29D21}.Debug|Win32.ActiveCfg = Debug|Win32
		{24F7F546-47F4-420C-94E0-D631E9E29D21}.Debug|Win32.Build.0 = Debug|Win32
		{24F7F546-47F4-420C-94E0-D631E9E29D21}.Debug|x64.ActiveCfg = Debug|x64
		{24F7F546-47F4-420C-94E0-D631E9E29D21}.Debug|x64.Build.0 = Debug|x64
		{24F7F546-47F4-420C-94E0-D631E9E29D21}.Release|Mixed Platforms.ActiveCfg = Release|Win32
		{24F7F546-47F4-420C-94E0-D631E9E29D21}.Release|Mixed Platforms.Build.0 = Release|Win32
		{24F7F546-47F4-420C-94E0-D631E9E29D21}.Release|Win32.ActiveCfg = Release|Win32
		{24F7F546-47F4-420C-94E0-D631E9E29D21}.Release|Win32.Build.0 = Release|Win32
		{24F7F546-47F4-420C-94E0-D631E9E29D21}.Release|x64.ActiveCfg = Release|x64
		{24F7F546-47F4-420C-94E0-D631E9E29D21}.Release|x64.Build.0 = Release|x64
		{F8DF9871-DDCA-4A12-A1BE-CADAC54B48CF}.Debug|Mixed Platforms.ActiveCfg = Debug|Win32
		{F8DF9871-DDCA-4A12-A1BE-CADAC54B48CF}.Debug|Mixed Platforms.Build.0 = Debug|Win32
		{F8DF9871-DDCA-4A12-A1BE-CADAC54B48CF}.Debug|Win32.ActiveCfg = Debug|Win32
		{F8DF9871-DDCA-4A12-A1BE-CADAC54B48CF}.Debug|Win32.Build.0 = Debug|Win32
		{F8DF9871-DDCA-4A12-A1BE-CADAC54B48CF}.Debug|x64.ActiveCfg = Debug|x64
		{F8DF9871-DDCA-4A12-A1BE-CADAC54B48CF}.Debug|x64.Build.0 = Debug|x64
		{F8DF9871-DDCA-4A12-A1BE-CADAC54B48CF}.Release|Mixed Platforms.ActiveCfg = Release|Win32
		{F8DF9871-DDCA-4A12-A1BE-CADAC54B48CF}.Release|Mixed Platforms.Build.0 = Release|Win32
		{F8DF9871-DDCA-4A12-A1BE-CADAC54B48CF}.Release|Win32.ActiveCfg = Release|Win32
		{F8DF9871-DDCA-4A12-A1BE-CADAC54B48CF}.Release|Win32.Build.0 = Release|Win32
		{F8DF9871-DDCA-4A12-A1BE-CADAC54B48CF}.Release|x64.ActiveCfg = Release|x64
		{F8DF9871-DDCA-4A12-A1BE-CADAC54B48CF}.Release|x64.Build.0 = Release|x64
		{49A5B0A3-5955-4BBE-9435-EE969D28916A}.Debug|Mixed Platforms.ActiveCfg = Debug|Win32
		{49A5B0A3-5955-4BBE-9435-EE969D28916A}.Debug|Mixed Platforms.Build.0 = Debug|Win32
		{49A5B0A3-5955-4BBE-9435-EE969D28916A}.Debug|Win32.ActiveCfg = Debug|Win32
		{49A5B0A3-5955-4BBE-9435-EE969D28916A}.Debug|Win32.Build.0 = Debug|Win32
		{49A5B0A3-5955-4BBE-9435-EE969D28916A}.Debug|x64.ActiveCfg = Debug|x64
		{49A5B0A3-5955-4BBE-9435-EE969D28916A}.Debug|x64.Build.0 = Debug|x64
		{49A5B0A3-5955-4BBE-9435-EE969D28916A}.Release|Mixed Platforms.ActiveCfg = Release|Win32
		{49A5B0A3-5955-4BBE-9435-EE969D28916A}.Release|Mixed Platforms.Build.0 = Release|Win32
		{49A5B0A3-5955-4BBE-9435-EE969D28916A}.Release|Win32.ActiveCfg = Release|Win32
		{49A5B0A3-5955-4BBE-9435-EE969D28916A}.Release|Win32.Build.0 = Release|Win32
		{49A5B0A3-5955-4BBE-9435-EE969D28916A}.Release|x64.ActiveCfg = Release|x64
		{49A5B0A3-5955-4BBE-9435-EE969D28916A}.Release|x64.Build.0 = Release|x64
		{A366C89C-9779-4783-AAA1-4999414E106D}.Debug|Mixed Platforms.ActiveCfg = Debug|Win32
		{A366C89C-9779-4783-AAA1-4999414E106D}.Debug|Mixed Platforms.Build.0 = Debug|Win32
		{A366C89C-9779-4783-AAA1-4999414E106D}.Debug|Win32.ActiveCfg = Debug|Win32
		{A366C89C-9779-4783-AAA1-4999414E106D}.Debug|Win32.Build.0 = Debug|Win32
		{A366C89C-9779-4783-AAA1-4999414E106D}.Debug|x64.ActiveCfg = Debug|x64
		{A366C89C-9779-4783-AAA1-4999414E106D}.Debug|x64.Build.0 = Debug|x64
		{A366C89C-9779-4783-AAA1-4999414E106D}.Release|Mixed Platforms.ActiveCfg = Release|Win32
		{A366C89C-9779-4783-AAA1-4999414E106D}.Release|Mixed Platforms.Build.0 = Release|Win32
		{A366C89C-9779-4783-AAA1-4999414E106D}.Release|Win32.ActiveCfg = Release|Win32
		{A366C89C-9779-4783-AAA1-4999414E106D}.Release|Win32.Build.0 = Release|Win32
		{A366C89C-9779-4783-AAA1-4999414E106D}.Release|x64.ActiveCfg = Release|x64
		{A366C89C-9779-4783-AAA1-4999414E106D}.Release|x64.Build.0 = Release|x64
		{EE63E132-F6BB-4CB8-B211-A2C268D6D073}.Debug|Mixed Platforms.ActiveCfg = Debug|Win32
		{EE63E132-F6BB-4CB8-B211-A2C268D6D073}.Debug|Mixed Platforms.Build.0 = Debug|Win32
		{EE63E132-F6BB-4CB8-B211-A2C268D6D073}.Debug|Win32.ActiveCfg = Debug|Win32
		{EE63E132-F6BB-4CB8-B211-A2C268D6D073}.Debug|Win32.Build.0 = Debug|Win32
		{EE63E132-F6BB-4CB8-B211-A2C268D6D073}.Debug|x64.ActiveCfg = Debug|x64
		{EE63E132-F6BB-4CB8-B211-A2C268D6D073}.Debug|x64.Build.0 = Debug|x64
		{EE63E132-F6BB-4CB8-B211-A2C268D6D073}.Release|Mixed Platforms.ActiveCfg = Release|Win32
		{EE63E132-F6BB-4CB8-B211-A2C268D6D073}.Release|Mixed Platforms.Build.0 = Release|Win32
		{EE63E132-F6BB-4CB8-B211-A2C268D6D073}.Release|Win32.ActiveCfg = Release|Win32
		{EE63E132-F6BB-4CB8-B211-A2C268D6D073}.Release|Win32.Build.0 = Release|Win32
		{EE63E132-F6BB-4CB8-B211-A2C268D6D073}.Release|x64.ActiveCfg = Release|x64
		{EE63E132-F6BB-4CB8-B211-A2C268D6D073}.Release|x64.Build.0 = Release|x64
		{43D7F92D-3CE4-4C63-A6F0-C222A86B64AE}.Debug|Mixed Platforms.ActiveCfg = Debug|Win32
		{43D7F92D-3CE4-4C63-A6F0-C222A86B64AE}.Debug|Mixed Platforms.Build.0 = Debug|Win32
		{43D7F92D-3CE4-4C63-A6F0-C222A86B64AE}.Debug|Win32.ActiveCfg = Debug|Win32
		{43D7F92D-3CE4-4C63-A6F0-C222A86B64AE}.Debug|Win32.Build.0 = Debug|Win32
		{43D7F92D-3CE4-4C63-A6F0-C222A86B64AE}.Debug|x64.ActiveCfg = Debug|x64
		{43D7F92D-3CE4-4C63-A6F0-C222A86B64AE}.Debug|x64.Build.0 = Debug|x64
		{43D7F92D-3CE4-4C63-A6F0-C222A86B64AE}.Release|Mixed Platforms.ActiveCfg = Release|Win32
		{43D7F92D-3CE4-4C63-A6F0-C222A86B64AE}.Release|Mixed Platforms.Build.0 = Release|Win32
		{43D7F92D-3CE4-4C63-A6F0-C222A86B64AE}.Release|Win32.ActiveCfg = Release|Win32
		{43D7F92D-3CE4-4C63-A6F0-C222A86B64AE}.Release|Win32.Build.0 = Release|Win32
		{43D7F92D-3CE4-4C63-A6F0-C222A86B64AE}.Release|x64.ActiveCfg = Release|x64
		{43D7F92D-3CE4-4C63-A6F0-C222A86B64AE}.Release|x64.Build.0 = Release|x64
		{162B6786-147B-4BB6-A393-3A4A61ACC71F}.Debug|Mixed Platforms.ActiveCfg = Debug|Win32
		{162B6786-147B-4BB6-A393-3A4A61ACC71F}.Debug|Mixed Platforms.Build.0 = Debug|Win32
		{162B6786-147B-4BB6-A393-3A4A61ACC71F}.Debug|Win32.ActiveCfg = Debug|Win32
		{162B6786-147B-4BB6-A393-3A4A61ACC71F}.Debug|Win32.Build.0 = Debug|Win32
		{162B6786-147B-4BB6-A393-3A4A61ACC71F}.Debug|x64.ActiveCfg = Debug|x64
		{162B6786-147B-4BB6-A393-3A4A61ACC71F}.Debug|x64.Build.0 = Debug|x64
		{162B6786-147B-4BB6-A393-3A4A61ACC71F}.Release|Mixed Platforms.ActiveCfg = Release|Win32
		{162B6786-147B-4BB6-A393-3A4A61ACC71F}.Release|Mixed Platforms.Build.0 = Release|Win32
		{162B6786-147B-4BB6-A393-3A4A61ACC71F}.Release|Win32.ActiveCfg = Release|Win32
		{162B6786-147B-4BB6-A393-3A4A61ACC71F}.Release|Win32.Build.0 = Release|Win32
		{162B6786-147B-4BB6-A393-3A4A61ACC71F}.Release|x64.ActiveCfg = Release|x64
		{162B6786-147B-4BB6-A393-3A4A61ACC71F}.Release|x64.Build.0 = Release|x64
	EndGlobalSection
	GlobalSection(SolutionProperties) = preSolution
		HideSolutionNode = FALSE
	EndGlobalSection
EndGlobal
