
Microsoft Visual Studio Solution File, Format Version 12.00
# Visual Studio 2012
Project("{8BC9CEB8-8B4A-11D0-8D11-00A0C91BC942}") = "Cm.Compiler", "Cm.Compiler\Cm.Compiler.vcxproj", "{00F080D7-2AFD-41C5-BDCC-0D1F32A65028}"
	ProjectSection(ProjectDependencies) = postProject
		{7DFBEF02-596F-4B59-AC3A-59A38C0F27DE} = {7DFBEF02-596F-4B59-AC3A-59A38C0F27DE}
		{2FA74825-282D-4C2B-A8DA-A96A9D3F0A27} = {2FA74825-282D-4C2B-A8DA-A96A9D3F0A27}
		{F9F0532D-8C4D-4A78-ACB1-DD1682F70BBD} = {F9F0532D-8C4D-4A78-ACB1-DD1682F70BBD}
		{5DE4119E-43B5-4C46-811E-CA31988EFF1D} = {5DE4119E-43B5-4C46-811E-CA31988EFF1D}
		{3720AEB0-BEB8-4C7E-AF9B-50A0DB65348B} = {3720AEB0-BEB8-4C7E-AF9B-50A0DB65348B}
	EndProjectSection
EndProject
Project("{8BC9CEB8-8B4A-11D0-8D11-00A0C91BC942}") = "Cm.Ast", "Cm.Ast\Cm.Ast.vcxproj", "{5DE4119E-43B5-4C46-811E-CA31988EFF1D}"
EndProject
Project("{8BC9CEB8-8B4A-11D0-8D11-00A0C91BC942}") = "Cm.Parser", "Cm.Parser\Cm.Parser.vcxproj", "{3720AEB0-BEB8-4C7E-AF9B-50A0DB65348B}"
	ProjectSection(ProjectDependencies) = postProject
		{7DFBEF02-596F-4B59-AC3A-59A38C0F27DE} = {7DFBEF02-596F-4B59-AC3A-59A38C0F27DE}
		{2FA74825-282D-4C2B-A8DA-A96A9D3F0A27} = {2FA74825-282D-4C2B-A8DA-A96A9D3F0A27}
		{F9F0532D-8C4D-4A78-ACB1-DD1682F70BBD} = {F9F0532D-8C4D-4A78-ACB1-DD1682F70BBD}
	EndProjectSection
EndProject
Project("{8BC9CEB8-8B4A-11D0-8D11-00A0C91BC942}") = "Cm.Parsing", "Cm.Parsing\Cm.Parsing.vcxproj", "{7DFBEF02-596F-4B59-AC3A-59A38C0F27DE}"
	ProjectSection(ProjectDependencies) = postProject
		{2FA74825-282D-4C2B-A8DA-A96A9D3F0A27} = {2FA74825-282D-4C2B-A8DA-A96A9D3F0A27}
		{F9F0532D-8C4D-4A78-ACB1-DD1682F70BBD} = {F9F0532D-8C4D-4A78-ACB1-DD1682F70BBD}
	EndProjectSection
EndProject
Project("{8BC9CEB8-8B4A-11D0-8D11-00A0C91BC942}") = "Cm.Parsing.CppObjectModel", "Cm.Parsing.CppObjectModel\Cm.Parsing.CppObjectModel.vcxproj", "{2FA74825-282D-4C2B-A8DA-A96A9D3F0A27}"
	ProjectSection(ProjectDependencies) = postProject
		{F9F0532D-8C4D-4A78-ACB1-DD1682F70BBD} = {F9F0532D-8C4D-4A78-ACB1-DD1682F70BBD}
	EndProjectSection
EndProject
Project("{8BC9CEB8-8B4A-11D0-8D11-00A0C91BC942}") = "Cm.Util", "Cm.Util\Cm.Util.vcxproj", "{F9F0532D-8C4D-4A78-ACB1-DD1682F70BBD}"
EndProject
Project("{8BC9CEB8-8B4A-11D0-8D11-00A0C91BC942}") = "Cm.Parsing.Cpp", "Cm.Parsing.Cpp\Cm.Parsing.Cpp.vcxproj", "{E6E7AAB1-5244-4712-B434-55D590D1D341}"
	ProjectSection(ProjectDependencies) = postProject
		{7DFBEF02-596F-4B59-AC3A-59A38C0F27DE} = {7DFBEF02-596F-4B59-AC3A-59A38C0F27DE}
		{2FA74825-282D-4C2B-A8DA-A96A9D3F0A27} = {2FA74825-282D-4C2B-A8DA-A96A9D3F0A27}
		{F9F0532D-8C4D-4A78-ACB1-DD1682F70BBD} = {F9F0532D-8C4D-4A78-ACB1-DD1682F70BBD}
	EndProjectSection
EndProject
Project("{8BC9CEB8-8B4A-11D0-8D11-00A0C91BC942}") = "Cm.Parsing.Syntax", "Cm.Parsing.Syntax\Cm.Parsing.Syntax.vcxproj", "{9DF17C22-7F20-4DBE-BAD3-AD12B9D53EF4}"
	ProjectSection(ProjectDependencies) = postProject
		{7DFBEF02-596F-4B59-AC3A-59A38C0F27DE} = {7DFBEF02-596F-4B59-AC3A-59A38C0F27DE}
		{2FA74825-282D-4C2B-A8DA-A96A9D3F0A27} = {2FA74825-282D-4C2B-A8DA-A96A9D3F0A27}
		{F9F0532D-8C4D-4A78-ACB1-DD1682F70BBD} = {F9F0532D-8C4D-4A78-ACB1-DD1682F70BBD}
		{E6E7AAB1-5244-4712-B434-55D590D1D341} = {E6E7AAB1-5244-4712-B434-55D590D1D341}
	EndProjectSection
EndProject
Project("{8BC9CEB8-8B4A-11D0-8D11-00A0C91BC942}") = "Cm.ParserGen", "Cm.ParserGen\Cm.ParserGen.vcxproj", "{142B16C0-5E59-4827-B4AC-F09369319453}"
	ProjectSection(ProjectDependencies) = postProject
		{7DFBEF02-596F-4B59-AC3A-59A38C0F27DE} = {7DFBEF02-596F-4B59-AC3A-59A38C0F27DE}
		{9DF17C22-7F20-4DBE-BAD3-AD12B9D53EF4} = {9DF17C22-7F20-4DBE-BAD3-AD12B9D53EF4}
		{2FA74825-282D-4C2B-A8DA-A96A9D3F0A27} = {2FA74825-282D-4C2B-A8DA-A96A9D3F0A27}
		{F9F0532D-8C4D-4A78-ACB1-DD1682F70BBD} = {F9F0532D-8C4D-4A78-ACB1-DD1682F70BBD}
		{E6E7AAB1-5244-4712-B434-55D590D1D341} = {E6E7AAB1-5244-4712-B434-55D590D1D341}
	EndProjectSection
EndProject
Global
	GlobalSection(SolutionConfigurationPlatforms) = preSolution
		Debug|Mixed Platforms = Debug|Mixed Platforms
		Debug|Win32 = Debug|Win32
		Debug|x64 = Debug|x64
		Release|Mixed Platforms = Release|Mixed Platforms
		Release|Win32 = Release|Win32
		Release|x64 = Release|x64
	EndGlobalSection
	GlobalSection(ProjectConfigurationPlatforms) = postSolution
		{00F080D7-2AFD-41C5-BDCC-0D1F32A65028}.Debug|Mixed Platforms.ActiveCfg = Debug|Win32
		{00F080D7-2AFD-41C5-BDCC-0D1F32A65028}.Debug|Mixed Platforms.Build.0 = Debug|Win32
		{00F080D7-2AFD-41C5-BDCC-0D1F32A65028}.Debug|Win32.ActiveCfg = Debug|Win32
		{00F080D7-2AFD-41C5-BDCC-0D1F32A65028}.Debug|Win32.Build.0 = Debug|Win32
		{00F080D7-2AFD-41C5-BDCC-0D1F32A65028}.Debug|x64.ActiveCfg = Debug|x64
		{00F080D7-2AFD-41C5-BDCC-0D1F32A65028}.Debug|x64.Build.0 = Debug|x64
		{00F080D7-2AFD-41C5-BDCC-0D1F32A65028}.Release|Mixed Platforms.ActiveCfg = Release|Win32
		{00F080D7-2AFD-41C5-BDCC-0D1F32A65028}.Release|Mixed Platforms.Build.0 = Release|Win32
		{00F080D7-2AFD-41C5-BDCC-0D1F32A65028}.Release|Win32.ActiveCfg = Release|Win32
		{00F080D7-2AFD-41C5-BDCC-0D1F32A65028}.Release|Win32.Build.0 = Release|Win32
		{00F080D7-2AFD-41C5-BDCC-0D1F32A65028}.Release|x64.ActiveCfg = Release|x64
		{00F080D7-2AFD-41C5-BDCC-0D1F32A65028}.Release|x64.Build.0 = Release|x64
		{5DE4119E-43B5-4C46-811E-CA31988EFF1D}.Debug|Mixed Platforms.ActiveCfg = Debug|Win32
		{5DE4119E-43B5-4C46-811E-CA31988EFF1D}.Debug|Mixed Platforms.Build.0 = Debug|Win32
		{5DE4119E-43B5-4C46-811E-CA31988EFF1D}.Debug|Win32.ActiveCfg = Debug|Win32
		{5DE4119E-43B5-4C46-811E-CA31988EFF1D}.Debug|Win32.Build.0 = Debug|Win32
		{5DE4119E-43B5-4C46-811E-CA31988EFF1D}.Debug|x64.ActiveCfg = Debug|x64
		{5DE4119E-43B5-4C46-811E-CA31988EFF1D}.Debug|x64.Build.0 = Debug|x64
		{5DE4119E-43B5-4C46-811E-CA31988EFF1D}.Release|Mixed Platforms.ActiveCfg = Release|Win32
		{5DE4119E-43B5-4C46-811E-CA31988EFF1D}.Release|Mixed Platforms.Build.0 = Release|Win32
		{5DE4119E-43B5-4C46-811E-CA31988EFF1D}.Release|Win32.ActiveCfg = Release|Win32
		{5DE4119E-43B5-4C46-811E-CA31988EFF1D}.Release|Win32.Build.0 = Release|Win32
		{5DE4119E-43B5-4C46-811E-CA31988EFF1D}.Release|x64.ActiveCfg = Release|x64
		{5DE4119E-43B5-4C46-811E-CA31988EFF1D}.Release|x64.Build.0 = Release|x64
		{3720AEB0-BEB8-4C7E-AF9B-50A0DB65348B}.Debug|Mixed Platforms.ActiveCfg = Debug|Win32
		{3720AEB0-BEB8-4C7E-AF9B-50A0DB65348B}.Debug|Mixed Platforms.Build.0 = Debug|Win32
		{3720AEB0-BEB8-4C7E-AF9B-50A0DB65348B}.Debug|Win32.ActiveCfg = Debug|Win32
		{3720AEB0-BEB8-4C7E-AF9B-50A0DB65348B}.Debug|Win32.Build.0 = Debug|Win32
		{3720AEB0-BEB8-4C7E-AF9B-50A0DB65348B}.Debug|x64.ActiveCfg = Debug|x64
		{3720AEB0-BEB8-4C7E-AF9B-50A0DB65348B}.Debug|x64.Build.0 = Debug|x64
		{3720AEB0-BEB8-4C7E-AF9B-50A0DB65348B}.Release|Mixed Platforms.ActiveCfg = Release|Win32
		{3720AEB0-BEB8-4C7E-AF9B-50A0DB65348B}.Release|Mixed Platforms.Build.0 = Release|Win32
		{3720AEB0-BEB8-4C7E-AF9B-50A0DB65348B}.Release|Win32.ActiveCfg = Release|Win32
		{3720AEB0-BEB8-4C7E-AF9B-50A0DB65348B}.Release|Win32.Build.0 = Release|Win32
		{3720AEB0-BEB8-4C7E-AF9B-50A0DB65348B}.Release|x64.ActiveCfg = Release|x64
		{3720AEB0-BEB8-4C7E-AF9B-50A0DB65348B}.Release|x64.Build.0 = Release|x64
		{7DFBEF02-596F-4B59-AC3A-59A38C0F27DE}.Debug|Mixed Platforms.ActiveCfg = Debug|Win32
		{7DFBEF02-596F-4B59-AC3A-59A38C0F27DE}.Debug|Mixed Platforms.Build.0 = Debug|Win32
		{7DFBEF02-596F-4B59-AC3A-59A38C0F27DE}.Debug|Win32.ActiveCfg = Debug|Win32
		{7DFBEF02-596F-4B59-AC3A-59A38C0F27DE}.Debug|Win32.Build.0 = Debug|Win32
		{7DFBEF02-596F-4B59-AC3A-59A38C0F27DE}.Debug|x64.ActiveCfg = Debug|x64
		{7DFBEF02-596F-4B59-AC3A-59A38C0F27DE}.Debug|x64.Build.0 = Debug|x64
		{7DFBEF02-596F-4B59-AC3A-59A38C0F27DE}.Release|Mixed Platforms.ActiveCfg = Release|Win32
		{7DFBEF02-596F-4B59-AC3A-59A38C0F27DE}.Release|Mixed Platforms.Build.0 = Release|Win32
		{7DFBEF02-596F-4B59-AC3A-59A38C0F27DE}.Release|Win32.ActiveCfg = Release|Win32
		{7DFBEF02-596F-4B59-AC3A-59A38C0F27DE}.Release|Win32.Build.0 = Release|Win32
		{7DFBEF02-596F-4B59-AC3A-59A38C0F27DE}.Release|x64.ActiveCfg = Release|x64
		{7DFBEF02-596F-4B59-AC3A-59A38C0F27DE}.Release|x64.Build.0 = Release|x64
		{2FA74825-282D-4C2B-A8DA-A96A9D3F0A27}.Debug|Mixed Platforms.ActiveCfg = Debug|Win32
		{2FA74825-282D-4C2B-A8DA-A96A9D3F0A27}.Debug|Mixed Platforms.Build.0 = Debug|Win32
		{2FA74825-282D-4C2B-A8DA-A96A9D3F0A27}.Debug|Win32.ActiveCfg = Debug|Win32
		{2FA74825-282D-4C2B-A8DA-A96A9D3F0A27}.Debug|Win32.Build.0 = Debug|Win32
		{2FA74825-282D-4C2B-A8DA-A96A9D3F0A27}.Debug|x64.ActiveCfg = Debug|x64
		{2FA74825-282D-4C2B-A8DA-A96A9D3F0A27}.Debug|x64.Build.0 = Debug|x64
		{2FA74825-282D-4C2B-A8DA-A96A9D3F0A27}.Release|Mixed Platforms.ActiveCfg = Release|Win32
		{2FA74825-282D-4C2B-A8DA-A96A9D3F0A27}.Release|Mixed Platforms.Build.0 = Release|Win32
		{2FA74825-282D-4C2B-A8DA-A96A9D3F0A27}.Release|Win32.ActiveCfg = Release|Win32
		{2FA74825-282D-4C2B-A8DA-A96A9D3F0A27}.Release|Win32.Build.0 = Release|Win32
		{2FA74825-282D-4C2B-A8DA-A96A9D3F0A27}.Release|x64.ActiveCfg = Release|x64
		{2FA74825-282D-4C2B-A8DA-A96A9D3F0A27}.Release|x64.Build.0 = Release|x64
		{F9F0532D-8C4D-4A78-ACB1-DD1682F70BBD}.Debug|Mixed Platforms.ActiveCfg = Debug|Win32
		{F9F0532D-8C4D-4A78-ACB1-DD1682F70BBD}.Debug|Mixed Platforms.Build.0 = Debug|Win32
		{F9F0532D-8C4D-4A78-ACB1-DD1682F70BBD}.Debug|Win32.ActiveCfg = Debug|Win32
		{F9F0532D-8C4D-4A78-ACB1-DD1682F70BBD}.Debug|Win32.Build.0 = Debug|Win32
		{F9F0532D-8C4D-4A78-ACB1-DD1682F70BBD}.Debug|x64.ActiveCfg = Debug|x64
		{F9F0532D-8C4D-4A78-ACB1-DD1682F70BBD}.Debug|x64.Build.0 = Debug|x64
		{F9F0532D-8C4D-4A78-ACB1-DD1682F70BBD}.Release|Mixed Platforms.ActiveCfg = Release|Win32
		{F9F0532D-8C4D-4A78-ACB1-DD1682F70BBD}.Release|Mixed Platforms.Build.0 = Release|Win32
		{F9F0532D-8C4D-4A78-ACB1-DD1682F70BBD}.Release|Win32.ActiveCfg = Release|Win32
		{F9F0532D-8C4D-4A78-ACB1-DD1682F70BBD}.Release|Win32.Build.0 = Release|Win32
		{F9F0532D-8C4D-4A78-ACB1-DD1682F70BBD}.Release|x64.ActiveCfg = Release|x64
		{F9F0532D-8C4D-4A78-ACB1-DD1682F70BBD}.Release|x64.Build.0 = Release|x64
		{E6E7AAB1-5244-4712-B434-55D590D1D341}.Debug|Mixed Platforms.ActiveCfg = Debug|Win32
		{E6E7AAB1-5244-4712-B434-55D590D1D341}.Debug|Mixed Platforms.Build.0 = Debug|Win32
		{E6E7AAB1-5244-4712-B434-55D590D1D341}.Debug|Win32.ActiveCfg = Debug|Win32
		{E6E7AAB1-5244-4712-B434-55D590D1D341}.Debug|Win32.Build.0 = Debug|Win32
		{E6E7AAB1-5244-4712-B434-55D590D1D341}.Debug|x64.ActiveCfg = Debug|x64
		{E6E7AAB1-5244-4712-B434-55D590D1D341}.Debug|x64.Build.0 = Debug|x64
		{E6E7AAB1-5244-4712-B434-55D590D1D341}.Release|Mixed Platforms.ActiveCfg = Release|Win32
		{E6E7AAB1-5244-4712-B434-55D590D1D341}.Release|Mixed Platforms.Build.0 = Release|Win32
		{E6E7AAB1-5244-4712-B434-55D590D1D341}.Release|Win32.ActiveCfg = Release|Win32
		{E6E7AAB1-5244-4712-B434-55D590D1D341}.Release|Win32.Build.0 = Release|Win32
		{E6E7AAB1-5244-4712-B434-55D590D1D341}.Release|x64.ActiveCfg = Release|x64
		{E6E7AAB1-5244-4712-B434-55D590D1D341}.Release|x64.Build.0 = Release|x64
		{9DF17C22-7F20-4DBE-BAD3-AD12B9D53EF4}.Debug|Mixed Platforms.ActiveCfg = Debug|Win32
		{9DF17C22-7F20-4DBE-BAD3-AD12B9D53EF4}.Debug|Mixed Platforms.Build.0 = Debug|Win32
		{9DF17C22-7F20-4DBE-BAD3-AD12B9D53EF4}.Debug|Win32.ActiveCfg = Debug|Win32
		{9DF17C22-7F20-4DBE-BAD3-AD12B9D53EF4}.Debug|Win32.Build.0 = Debug|Win32
		{9DF17C22-7F20-4DBE-BAD3-AD12B9D53EF4}.Debug|x64.ActiveCfg = Debug|x64
		{9DF17C22-7F20-4DBE-BAD3-AD12B9D53EF4}.Debug|x64.Build.0 = Debug|x64
		{9DF17C22-7F20-4DBE-BAD3-AD12B9D53EF4}.Release|Mixed Platforms.ActiveCfg = Release|Win32
		{9DF17C22-7F20-4DBE-BAD3-AD12B9D53EF4}.Release|Mixed Platforms.Build.0 = Release|Win32
		{9DF17C22-7F20-4DBE-BAD3-AD12B9D53EF4}.Release|Win32.ActiveCfg = Release|Win32
		{9DF17C22-7F20-4DBE-BAD3-AD12B9D53EF4}.Release|Win32.Build.0 = Release|Win32
		{9DF17C22-7F20-4DBE-BAD3-AD12B9D53EF4}.Release|x64.ActiveCfg = Release|x64
		{9DF17C22-7F20-4DBE-BAD3-AD12B9D53EF4}.Release|x64.Build.0 = Release|x64
		{142B16C0-5E59-4827-B4AC-F09369319453}.Debug|Mixed Platforms.ActiveCfg = Debug|Win32
		{142B16C0-5E59-4827-B4AC-F09369319453}.Debug|Mixed Platforms.Build.0 = Debug|Win32
		{142B16C0-5E59-4827-B4AC-F09369319453}.Debug|Win32.ActiveCfg = Debug|Win32
		{142B16C0-5E59-4827-B4AC-F09369319453}.Debug|Win32.Build.0 = Debug|Win32
		{142B16C0-5E59-4827-B4AC-F09369319453}.Debug|x64.ActiveCfg = Debug|x64
		{142B16C0-5E59-4827-B4AC-F09369319453}.Debug|x64.Build.0 = Debug|x64
		{142B16C0-5E59-4827-B4AC-F09369319453}.Release|Mixed Platforms.ActiveCfg = Release|Win32
		{142B16C0-5E59-4827-B4AC-F09369319453}.Release|Mixed Platforms.Build.0 = Release|Win32
		{142B16C0-5E59-4827-B4AC-F09369319453}.Release|Win32.ActiveCfg = Release|Win32
		{142B16C0-5E59-4827-B4AC-F09369319453}.Release|Win32.Build.0 = Release|Win32
		{142B16C0-5E59-4827-B4AC-F09369319453}.Release|x64.ActiveCfg = Release|x64
		{142B16C0-5E59-4827-B4AC-F09369319453}.Release|x64.Build.0 = Release|x64
	EndGlobalSection
	GlobalSection(SolutionProperties) = preSolution
		HideSolutionNode = FALSE
	EndGlobalSection
EndGlobal
